PODS:
  - AFNetworking (1.3.3)
  - Cedar (0.9.1)
  - CedarAsync (0.0.1):
    - Cedar
  - iActiveRecord (1.9)
  - RestKit (0.20.2):
    - RestKit/Core
  - RestKit/Core (0.20.2):
    - RestKit/CoreData
    - RestKit/Network
    - RestKit/ObjectMapping
  - RestKit/CoreData (0.20.2)
  - RestKit/Network (0.20.2):
    - AFNetworking (~> 1.3.0)
    - RestKit/ObjectMapping
    - RestKit/Support
    - SOCKit
  - RestKit/ObjectMapping (0.20.2)
  - RestKit/Support (0.20.2):
    - TransitionKit (= 1.1.1)
  - SOCKit (1.1)
  - TransitionKit (1.1.1)
  - Tsuga (0.0.5):
    - Cedar (~> 0.9)

DEPENDENCIES:
  - Cedar
  - CedarAsync
  - iActiveRecord (from `.`)
  - RestKit
  - Tsuga

EXTERNAL SOURCES:
  iActiveRecord:
    :path: .

SPEC CHECKSUMS:
  AFNetworking: 61fdd49e2ffe6380378df37b3b6e70630bb9dd66
  Cedar: a4181d8873d5049223c8511a50de4151ad603edc
  CedarAsync: 7764c7d1193947c4755a086f91b7cbef11f140d4
  iActiveRecord: 8ff38d2263a0c1a94a85c477b9c9b483a7728aa3
  RestKit: e511651e916245fa4becfb0e8f966a1fa021fcd4
  SOCKit: 8871d058926a6c6cc144f0c5eee82c5d0ec274a3
  TransitionKit: d0e3344aac92991395d4c2e72d9c5a8ceeb12910
  Tsuga: 8e94d76391a80ee95df21a05f0a3d28c6a5ff783

COCOAPODS: 0.29.0
