PODS:
  - AFNetworking (1.2.1)
  - Cedar (0.9.1)
  - CedarAsync (0.0.1):
    - Cedar
  - iActiveRecord (1.9)
  - RestKit (0.20.1):
    - RestKit/Core
  - RestKit/Core (0.20.1):
    - RestKit/CoreData
    - RestKit/Network
    - RestKit/ObjectMapping
  - RestKit/CoreData (0.20.1)
  - RestKit/Network (0.20.1):
    - AFNetworking (~> 1.2.0)
    - RestKit/ObjectMapping
    - RestKit/Support
    - SOCKit
  - RestKit/ObjectMapping (0.20.1)
  - RestKit/Support (0.20.1):
    - TransitionKit (= 1.1.0)
  - SOCKit (1.1)
  - TransitionKit (1.1.0)

DEPENDENCIES:
  - Cedar
  - CedarAsync
  - iActiveRecord (from `iActiveRecord.podspec`)
  - RestKit

EXTERNAL SOURCES:
  iActiveRecord:
    :podspec: iActiveRecord.podspec

SPEC CHECKSUMS:
  AFNetworking: a44069e3c9c89867544f6639482f155c7e5f9b41
  Cedar: a4181d8873d5049223c8511a50de4151ad603edc
  CedarAsync: 1caaa63c587edfdb4c4fe099c442f12df1c134b9
  iActiveRecord: 9c6cff03e02b123b2e674ed704ab779addcdca6c
  RestKit: ceca63bc91172098c710c469facd2560e8a59164
  SOCKit: ed67aeeca4a697b63a933229e53f4670d5b9300f
  TransitionKit: 1624e84f252d5cd26900be28ccb73c69fbe63f8a

COCOAPODS: 0.20.1
