PODS:
  - AFNetworking (1.3.4)
  - Cedar (0.9.1)
  - CedarAsync (0.0.1):
    - Cedar
  - iActiveRecord (1.9)
  - RestKit (0.20.2):
    - RestKit/Core
  - RestKit/Core (0.20.2):
    - RestKit/CoreData
    - RestKit/Network
    - RestKit/ObjectMapping
  - RestKit/CoreData (0.20.2)
  - RestKit/Network (0.20.2):
    - AFNetworking (~> 1.3.0)
    - RestKit/ObjectMapping
    - RestKit/Support
    - SOCKit
  - RestKit/ObjectMapping (0.20.2)
  - RestKit/Support (0.20.2):
    - TransitionKit (= 1.1.1)
  - SOCKit (1.1)
  - TransitionKit (1.1.1)
  - Tsuga (0.0.5):
    - Cedar (~> 0.9)

DEPENDENCIES:
  - Cedar
  - CedarAsync
  - iActiveRecord (from `iActiveRecord.podspec`)
  - RestKit
  - Tsuga

EXTERNAL SOURCES:
  iActiveRecord:
    :podspec: iActiveRecord.podspec

SPEC CHECKSUMS:
  AFNetworking: 80c4e0652b08eb34e25b9c0ff3c82556fe5967b4
  Cedar: 1358246be4aa2bcf92f2fee9de45b082dc5c92a7
  CedarAsync: 65137f0cef5f3f38ceaff5fc2aaa45a8792f3a08
  iActiveRecord: 8ff38d2263a0c1a94a85c477b9c9b483a7728aa3
  RestKit: ee40301b7eb925871c6f35c618f4291acba1c259
  SOCKit: d8d0dd3688ae1026c12367570da8fa8e1a6980fb
  TransitionKit: b573f93c422f6aedf7d40e93e7c2f202d1295063
  Tsuga: d8909777b12d6135c5cdf687bd973e3a6998c5a6

COCOAPODS: 0.34.1
