// !$*UTF8*$!
{
	archiveVersion = 1;
	classes = {
	};
	objectVersion = 46;
	objects = {

/* Begin PBXAggregateTarget section */
		CA62C33E151E0F7300E54276 /* Build_Framework */ = {
			isa = PBXAggregateTarget;
			buildConfigurationList = CA62C33F151E0F7300E54276 /* Build configuration list for PBXAggregateTarget "Build_Framework" */;
			buildPhases = (
				CA62C342151E0FB100E54276 /* ShellScript */,
			);
			dependencies = (
			);
			name = Build_Framework;
			productName = ARAggregate;
		};
/* End PBXAggregateTarget section */

/* Begin PBXBuildFile section */
		254F5EBC14C5E71C00AC0D86 /* NSString+sqlRepresentation.m in Sources */ = {isa = PBXBuildFile; fileRef = 254F5EBB14C5E71C00AC0D86 /* NSString+sqlRepresentation.m */; };
		254F5EC014C5E78100AC0D86 /* NSNumber+sqlRepresentation.m in Sources */ = {isa = PBXBuildFile; fileRef = 254F5EBF14C5E78100AC0D86 /* NSNumber+sqlRepresentation.m */; };
		25922AFD14EC286000CBB58A /* UIKit.framework in Frameworks */ = {isa = PBXBuildFile; fileRef = 25998EC114BC199C00CA2490 /* UIKit.framework */; };
		25922AFE14EC286000CBB58A /* Foundation.framework in Frameworks */ = {isa = PBXBuildFile; fileRef = 25998EC314BC199C00CA2490 /* Foundation.framework */; };
		25922AFF14EC286000CBB58A /* CoreGraphics.framework in Frameworks */ = {isa = PBXBuildFile; fileRef = 25998EC514BC199C00CA2490 /* CoreGraphics.framework */; };
		25922B0514EC286000CBB58A /* InfoPlist.strings in Resources */ = {isa = PBXBuildFile; fileRef = 25922B0314EC286000CBB58A /* InfoPlist.strings */; };
		25922B0714EC286000CBB58A /* main.m in Sources */ = {isa = PBXBuildFile; fileRef = 25922B0614EC286000CBB58A /* main.m */; };
		25922B4C14EC297F00CBB58A /* libExpecta-ios-universal.a in Frameworks */ = {isa = PBXBuildFile; fileRef = 25922B4514EC297F00CBB58A /* libExpecta-ios-universal.a */; };
		25922B5414EC2BA300CBB58A /* User.m in Sources */ = {isa = PBXBuildFile; fileRef = 25998EEB14BC1A8300CA2490 /* User.m */; };
		25922B5614EC2BB600CBB58A /* ActiveRecord.m in Sources */ = {isa = PBXBuildFile; fileRef = 25998EE114BC1A1D00CA2490 /* ActiveRecord.m */; };
		25922B5814EC2BB600CBB58A /* ARDatabaseManager.m in Sources */ = {isa = PBXBuildFile; fileRef = 25998EE314BC1A1D00CA2490 /* ARDatabaseManager.m */; };
		25922B5B14EC2BB600CBB58A /* ARObjectProperty.m in Sources */ = {isa = PBXBuildFile; fileRef = 2598293E14BD740100207D16 /* ARObjectProperty.m */; };
		25922B6114EC2BC600CBB58A /* libsqlite3.0.dylib in Frameworks */ = {isa = PBXBuildFile; fileRef = 25998EF914BC1DD400CA2490 /* libsqlite3.0.dylib */; };
		25922B6214EC2C0200CBB58A /* NSObject+properties.m in Sources */ = {isa = PBXBuildFile; fileRef = 25998F0214BC2D8500CA2490 /* NSObject+properties.m */; };
		25922B6314EC2C2200CBB58A /* NSDecimalNumber+sqlRepresentation.m in Sources */ = {isa = PBXBuildFile; fileRef = 2596BC5614C7209100C6B5E2 /* NSDecimalNumber+sqlRepresentation.m */; };
		25922B6414EC2C2200CBB58A /* NSNumber+sqlRepresentation.m in Sources */ = {isa = PBXBuildFile; fileRef = 254F5EBF14C5E78100AC0D86 /* NSNumber+sqlRepresentation.m */; };
		25922B6514EC2C2200CBB58A /* NSString+lowercaseFirst.m in Sources */ = {isa = PBXBuildFile; fileRef = 25998EE614BC1A1D00CA2490 /* NSString+lowercaseFirst.m */; };
		25922B6614EC2C2200CBB58A /* NSString+sqlRepresentation.m in Sources */ = {isa = PBXBuildFile; fileRef = 254F5EBB14C5E71C00AC0D86 /* NSString+sqlRepresentation.m */; };
		25922B6714EC2C2200CBB58A /* Group.m in Sources */ = {isa = PBXBuildFile; fileRef = 25998EFC14BC27FD00CA2490 /* Group.m */; };
		2596BC5714C7209100C6B5E2 /* NSDecimalNumber+sqlRepresentation.m in Sources */ = {isa = PBXBuildFile; fileRef = 2596BC5614C7209100C6B5E2 /* NSDecimalNumber+sqlRepresentation.m */; };
		2598293F14BD740100207D16 /* ARObjectProperty.m in Sources */ = {isa = PBXBuildFile; fileRef = 2598293E14BD740100207D16 /* ARObjectProperty.m */; };
		25998EC214BC199C00CA2490 /* UIKit.framework in Frameworks */ = {isa = PBXBuildFile; fileRef = 25998EC114BC199C00CA2490 /* UIKit.framework */; };
		25998EC414BC199C00CA2490 /* Foundation.framework in Frameworks */ = {isa = PBXBuildFile; fileRef = 25998EC314BC199C00CA2490 /* Foundation.framework */; };
		25998EC614BC199C00CA2490 /* CoreGraphics.framework in Frameworks */ = {isa = PBXBuildFile; fileRef = 25998EC514BC199C00CA2490 /* CoreGraphics.framework */; };
		25998ECC14BC199C00CA2490 /* InfoPlist.strings in Resources */ = {isa = PBXBuildFile; fileRef = 25998ECA14BC199C00CA2490 /* InfoPlist.strings */; };
		25998ED214BC199C00CA2490 /* AppDelegate.m in Sources */ = {isa = PBXBuildFile; fileRef = 25998ED114BC199C00CA2490 /* AppDelegate.m */; };
		25998EE714BC1A1D00CA2490 /* ActiveRecord.m in Sources */ = {isa = PBXBuildFile; fileRef = 25998EE114BC1A1D00CA2490 /* ActiveRecord.m */; };
		25998EE814BC1A1D00CA2490 /* ARDatabaseManager.m in Sources */ = {isa = PBXBuildFile; fileRef = 25998EE314BC1A1D00CA2490 /* ARDatabaseManager.m */; };
		25998EE914BC1A1D00CA2490 /* NSString+lowercaseFirst.m in Sources */ = {isa = PBXBuildFile; fileRef = 25998EE614BC1A1D00CA2490 /* NSString+lowercaseFirst.m */; };
		25998EEC14BC1A8300CA2490 /* User.m in Sources */ = {isa = PBXBuildFile; fileRef = 25998EEB14BC1A8300CA2490 /* User.m */; };
		25998EFA14BC1DD400CA2490 /* libsqlite3.0.dylib in Frameworks */ = {isa = PBXBuildFile; fileRef = 25998EF914BC1DD400CA2490 /* libsqlite3.0.dylib */; };
		25998EFD14BC27FD00CA2490 /* Group.m in Sources */ = {isa = PBXBuildFile; fileRef = 25998EFC14BC27FD00CA2490 /* Group.m */; };
		25998F0314BC2D8500CA2490 /* NSObject+properties.m in Sources */ = {isa = PBXBuildFile; fileRef = 25998F0214BC2D8500CA2490 /* NSObject+properties.m */; };
		CA0365C0151FCB5F004167F1 /* NSString+quotedString.h in Headers */ = {isa = PBXBuildFile; fileRef = CA0365BE151FCB5F004167F1 /* NSString+quotedString.h */; };
		CA0365C1151FCB5F004167F1 /* NSString+quotedString.m in Sources */ = {isa = PBXBuildFile; fileRef = CA0365BF151FCB5F004167F1 /* NSString+quotedString.m */; };
		CA0365C2151FCB5F004167F1 /* NSString+quotedString.m in Sources */ = {isa = PBXBuildFile; fileRef = CA0365BF151FCB5F004167F1 /* NSString+quotedString.m */; };
		CA0365C3151FCB5F004167F1 /* NSString+quotedString.m in Sources */ = {isa = PBXBuildFile; fileRef = CA0365BF151FCB5F004167F1 /* NSString+quotedString.m */; };
		CA3D17BA151926B700FA3F3C /* Cedar-iOS.framework in Frameworks */ = {isa = PBXBuildFile; fileRef = CA3D17B8151926B700FA3F3C /* Cedar-iOS.framework */; };
		CA3D18061519D5FA00FA3F3C /* ARLazyFetcher.m in Sources */ = {isa = PBXBuildFile; fileRef = CA3D18051519D5FA00FA3F3C /* ARLazyFetcher.m */; };
		CA3D18071519D5FA00FA3F3C /* ARLazyFetcher.m in Sources */ = {isa = PBXBuildFile; fileRef = CA3D18051519D5FA00FA3F3C /* ARLazyFetcher.m */; };
		CA62C313151E0AB800E54276 /* InfoPlist.strings in Resources */ = {isa = PBXBuildFile; fileRef = CA62C311151E0AB800E54276 /* InfoPlist.strings */; };
		CA62C31F151E0EC400E54276 /* NSArray+objectsAccessors.h in Headers */ = {isa = PBXBuildFile; fileRef = CAAF5D9F151A5148004C4329 /* NSArray+objectsAccessors.h */; settings = {ATTRIBUTES = (Public, ); }; };
		CA62C320151E0EC400E54276 /* NSDecimalNumber+sqlRepresentation.h in Headers */ = {isa = PBXBuildFile; fileRef = 2596BC5514C7209100C6B5E2 /* NSDecimalNumber+sqlRepresentation.h */; settings = {ATTRIBUTES = (Public, ); }; };
		CA62C321151E0EC400E54276 /* NSNumber+sqlRepresentation.h in Headers */ = {isa = PBXBuildFile; fileRef = 254F5EBE14C5E78100AC0D86 /* NSNumber+sqlRepresentation.h */; settings = {ATTRIBUTES = (Public, ); }; };
		CA62C323151E0EC400E54276 /* NSObject+properties.h in Headers */ = {isa = PBXBuildFile; fileRef = 25998F0114BC2D8500CA2490 /* NSObject+properties.h */; settings = {ATTRIBUTES = (Public, ); }; };
		CA62C324151E0EC400E54276 /* NSString+lowercaseFirst.h in Headers */ = {isa = PBXBuildFile; fileRef = 25998EE514BC1A1D00CA2490 /* NSString+lowercaseFirst.h */; settings = {ATTRIBUTES = (Public, ); }; };
		CA62C325151E0EC400E54276 /* NSString+sqlRepresentation.h in Headers */ = {isa = PBXBuildFile; fileRef = 254F5EBA14C5E71C00AC0D86 /* NSString+sqlRepresentation.h */; settings = {ATTRIBUTES = (Public, ); }; };
		CA62C326151E0EC400E54276 /* ARObjectProperty.h in Headers */ = {isa = PBXBuildFile; fileRef = 2598293D14BD740100207D16 /* ARObjectProperty.h */; settings = {ATTRIBUTES = (Public, ); }; };
		CA62C327151E0EC400E54276 /* ActiveRecord.h in Headers */ = {isa = PBXBuildFile; fileRef = 25998EE014BC1A1D00CA2490 /* ActiveRecord.h */; settings = {ATTRIBUTES = (Public, ); }; };
		CA62C328151E0EC400E54276 /* ARLazyFetcher.h in Headers */ = {isa = PBXBuildFile; fileRef = CA3D18041519D5FA00FA3F3C /* ARLazyFetcher.h */; settings = {ATTRIBUTES = (Public, ); }; };
		CA62C32A151E0EC400E54276 /* ARWhereStatement.h in Headers */ = {isa = PBXBuildFile; fileRef = CAAF5E23151CAC58004C4329 /* ARWhereStatement.h */; settings = {ATTRIBUTES = (Public, ); }; };
		CA62C32B151E0EC400E54276 /* ARDatabaseManager.h in Headers */ = {isa = PBXBuildFile; fileRef = 25998EE214BC1A1D00CA2490 /* ARDatabaseManager.h */; settings = {ATTRIBUTES = (Public, ); }; };
		CA62C32C151E0EC400E54276 /* ARErrorHelper.h in Headers */ = {isa = PBXBuildFile; fileRef = 25A1132614D9BCF7000720E7 /* ARErrorHelper.h */; settings = {ATTRIBUTES = (Public, ); }; };
		CA62C32D151E0EC400E54276 /* class_getSubclasses.h in Headers */ = {isa = PBXBuildFile; fileRef = 2598294114BDDB4200207D16 /* class_getSubclasses.h */; settings = {ATTRIBUTES = (Public, ); }; };
		CA62C32E151E0EC400E54276 /* ARRelationships.h in Headers */ = {isa = PBXBuildFile; fileRef = 25998EE414BC1A1D00CA2490 /* ARRelationships.h */; settings = {ATTRIBUTES = (Public, ); }; };
		CA62C32F151E0EC400E54276 /* ARValidations.h in Headers */ = {isa = PBXBuildFile; fileRef = 25A1131F14D9BAAE000720E7 /* ARValidations.h */; settings = {ATTRIBUTES = (Public, ); }; };
		CA62C330151E0EC400E54276 /* ARValidatableProtocol.h in Headers */ = {isa = PBXBuildFile; fileRef = 25A1132514D9BC10000720E7 /* ARValidatableProtocol.h */; settings = {ATTRIBUTES = (Public, ); }; };
		CA62C331151E0EC400E54276 /* ARMigrationsHelper.h in Headers */ = {isa = PBXBuildFile; fileRef = 25A1132714D9C1CF000720E7 /* ARMigrationsHelper.h */; settings = {ATTRIBUTES = (Public, ); }; };
		CA62C332151E0F0700E54276 /* NSArray+objectsAccessors.m in Sources */ = {isa = PBXBuildFile; fileRef = CAAF5DA0151A5148004C4329 /* NSArray+objectsAccessors.m */; };
		CA62C333151E0F0700E54276 /* NSDecimalNumber+sqlRepresentation.m in Sources */ = {isa = PBXBuildFile; fileRef = 2596BC5614C7209100C6B5E2 /* NSDecimalNumber+sqlRepresentation.m */; };
		CA62C334151E0F0700E54276 /* NSNumber+sqlRepresentation.m in Sources */ = {isa = PBXBuildFile; fileRef = 254F5EBF14C5E78100AC0D86 /* NSNumber+sqlRepresentation.m */; };
		CA62C335151E0F0700E54276 /* NSObject+properties.m in Sources */ = {isa = PBXBuildFile; fileRef = 25998F0214BC2D8500CA2490 /* NSObject+properties.m */; };
		CA62C336151E0F0700E54276 /* NSString+lowercaseFirst.m in Sources */ = {isa = PBXBuildFile; fileRef = 25998EE614BC1A1D00CA2490 /* NSString+lowercaseFirst.m */; };
		CA62C337151E0F0700E54276 /* NSString+sqlRepresentation.m in Sources */ = {isa = PBXBuildFile; fileRef = 254F5EBB14C5E71C00AC0D86 /* NSString+sqlRepresentation.m */; };
		CA62C338151E0F0700E54276 /* ARObjectProperty.m in Sources */ = {isa = PBXBuildFile; fileRef = 2598293E14BD740100207D16 /* ARObjectProperty.m */; };
		CA62C339151E0F0700E54276 /* ActiveRecord.m in Sources */ = {isa = PBXBuildFile; fileRef = 25998EE114BC1A1D00CA2490 /* ActiveRecord.m */; };
		CA62C33A151E0F0700E54276 /* ARLazyFetcher.m in Sources */ = {isa = PBXBuildFile; fileRef = CA3D18051519D5FA00FA3F3C /* ARLazyFetcher.m */; };
		CA62C33C151E0F0700E54276 /* ARWhereStatement.m in Sources */ = {isa = PBXBuildFile; fileRef = CAAF5E24151CAC58004C4329 /* ARWhereStatement.m */; };
		CA62C33D151E0F0700E54276 /* ARDatabaseManager.m in Sources */ = {isa = PBXBuildFile; fileRef = 25998EE314BC1A1D00CA2490 /* ARDatabaseManager.m */; };
		CA62C392151E710800E54276 /* README.md in Resources */ = {isa = PBXBuildFile; fileRef = CA62C391151E710700E54276 /* README.md */; };
		CAA8DE951515DA02004AB173 /* main.m in Sources */ = {isa = PBXBuildFile; fileRef = CAA8DE941515DA02004AB173 /* main.m */; };
		CAAF5D90151A1430004C4329 /* ARFactory.m in Sources */ = {isa = PBXBuildFile; fileRef = CAAF5D8F151A1430004C4329 /* ARFactory.m */; };
		CAAF5D91151A1430004C4329 /* ARFactory.m in Sources */ = {isa = PBXBuildFile; fileRef = CAAF5D8F151A1430004C4329 /* ARFactory.m */; };
		CAAF5DA1151A5148004C4329 /* NSArray+objectsAccessors.m in Sources */ = {isa = PBXBuildFile; fileRef = CAAF5DA0151A5148004C4329 /* NSArray+objectsAccessors.m */; };
		CAAF5DA2151A5148004C4329 /* NSArray+objectsAccessors.m in Sources */ = {isa = PBXBuildFile; fileRef = CAAF5DA0151A5148004C4329 /* NSArray+objectsAccessors.m */; };
		CAAF5DCA151BA3F4004C4329 /* Project.m in Sources */ = {isa = PBXBuildFile; fileRef = CAAF5DC9151BA3F4004C4329 /* Project.m */; };
		CAAF5DCD151BA40F004C4329 /* UserProjectRelationship.m in Sources */ = {isa = PBXBuildFile; fileRef = CAAF5DCC151BA40F004C4329 /* UserProjectRelationship.m */; };
		CAAF5DCE151BA40F004C4329 /* UserProjectRelationship.m in Sources */ = {isa = PBXBuildFile; fileRef = CAAF5DCC151BA40F004C4329 /* UserProjectRelationship.m */; };
		CAAF5DD3151BB24E004C4329 /* Project.m in Sources */ = {isa = PBXBuildFile; fileRef = CAAF5DC9151BA3F4004C4329 /* Project.m */; };
		CAAF5E25151CAC58004C4329 /* ARWhereStatement.m in Sources */ = {isa = PBXBuildFile; fileRef = CAAF5E24151CAC58004C4329 /* ARWhereStatement.m */; };
		CAAF5E26151CAC58004C4329 /* ARWhereStatement.m in Sources */ = {isa = PBXBuildFile; fileRef = CAAF5E24151CAC58004C4329 /* ARWhereStatement.m */; };
		CABB90861520B14900E8D082 /* TODO in Resources */ = {isa = PBXBuildFile; fileRef = CABB90851520B14900E8D082 /* TODO */; };
		CABB909C1520DA6600E8D082 /* ARRelationBelongsTo.h in Headers */ = {isa = PBXBuildFile; fileRef = CABB909A1520DA6600E8D082 /* ARRelationBelongsTo.h */; };
		CABB909D1520DA6600E8D082 /* ARRelationBelongsTo.m in Sources */ = {isa = PBXBuildFile; fileRef = CABB909B1520DA6600E8D082 /* ARRelationBelongsTo.m */; };
		CABB909E1520DA6600E8D082 /* ARRelationBelongsTo.m in Sources */ = {isa = PBXBuildFile; fileRef = CABB909B1520DA6600E8D082 /* ARRelationBelongsTo.m */; };
		CABB909F1520DA6600E8D082 /* ARRelationBelongsTo.m in Sources */ = {isa = PBXBuildFile; fileRef = CABB909B1520DA6600E8D082 /* ARRelationBelongsTo.m */; };
		CABB90A21520E63200E8D082 /* ARRelationHasMany.h in Headers */ = {isa = PBXBuildFile; fileRef = CABB90A01520E63200E8D082 /* ARRelationHasMany.h */; };
		CABB90A31520E63200E8D082 /* ARRelationHasMany.m in Sources */ = {isa = PBXBuildFile; fileRef = CABB90A11520E63200E8D082 /* ARRelationHasMany.m */; };
		CABB90A41520E63200E8D082 /* ARRelationHasMany.m in Sources */ = {isa = PBXBuildFile; fileRef = CABB90A11520E63200E8D082 /* ARRelationHasMany.m */; };
		CABB90A51520E63200E8D082 /* ARRelationHasMany.m in Sources */ = {isa = PBXBuildFile; fileRef = CABB90A11520E63200E8D082 /* ARRelationHasMany.m */; };
		CAF2480B151F298B00120198 /* ARError.h in Headers */ = {isa = PBXBuildFile; fileRef = CAF24809151F298B00120198 /* ARError.h */; settings = {ATTRIBUTES = (Public, ); }; };
		CAF2480C151F298B00120198 /* ARError.m in Sources */ = {isa = PBXBuildFile; fileRef = CAF2480A151F298B00120198 /* ARError.m */; };
		CAF2480D151F298B00120198 /* ARError.m in Sources */ = {isa = PBXBuildFile; fileRef = CAF2480A151F298B00120198 /* ARError.m */; };
		CAF2480E151F298B00120198 /* ARError.m in Sources */ = {isa = PBXBuildFile; fileRef = CAF2480A151F298B00120198 /* ARError.m */; };
		CAF24818151F383000120198 /* NSData+sqlRepresentation.h in Headers */ = {isa = PBXBuildFile; fileRef = CAF24816151F383000120198 /* NSData+sqlRepresentation.h */; settings = {ATTRIBUTES = (Public, ); }; };
		CAF24819151F383000120198 /* NSData+sqlRepresentation.m in Sources */ = {isa = PBXBuildFile; fileRef = CAF24817151F383000120198 /* NSData+sqlRepresentation.m */; };
		CAF2481A151F383000120198 /* NSData+sqlRepresentation.m in Sources */ = {isa = PBXBuildFile; fileRef = CAF24817151F383000120198 /* NSData+sqlRepresentation.m */; };
		CAF2481B151F383000120198 /* NSData+sqlRepresentation.m in Sources */ = {isa = PBXBuildFile; fileRef = CAF24817151F383000120198 /* NSData+sqlRepresentation.m */; };
		CAF24828151F3AA700120198 /* ARRepresentationProtocol.h in Headers */ = {isa = PBXBuildFile; fileRef = CAF2481C151F39C600120198 /* ARRepresentationProtocol.h */; settings = {ATTRIBUTES = (Public, ); }; };
/* End PBXBuildFile section */

/* Begin PBXFileReference section */
		254F5EBA14C5E71C00AC0D86 /* NSString+sqlRepresentation.h */ = {isa = PBXFileReference; fileEncoding = 4; lastKnownFileType = sourcecode.c.h; path = "NSString+sqlRepresentation.h"; sourceTree = "<group>"; };
		254F5EBB14C5E71C00AC0D86 /* NSString+sqlRepresentation.m */ = {isa = PBXFileReference; fileEncoding = 4; lastKnownFileType = sourcecode.c.objc; path = "NSString+sqlRepresentation.m"; sourceTree = "<group>"; };
		254F5EBE14C5E78100AC0D86 /* NSNumber+sqlRepresentation.h */ = {isa = PBXFileReference; fileEncoding = 4; lastKnownFileType = sourcecode.c.h; path = "NSNumber+sqlRepresentation.h"; sourceTree = "<group>"; };
		254F5EBF14C5E78100AC0D86 /* NSNumber+sqlRepresentation.m */ = {isa = PBXFileReference; fileEncoding = 4; lastKnownFileType = sourcecode.c.objc; path = "NSNumber+sqlRepresentation.m"; sourceTree = "<group>"; };
		25922AFB14EC286000CBB58A /* UnitTests.app */ = {isa = PBXFileReference; explicitFileType = wrapper.application; includeInIndex = 0; path = UnitTests.app; sourceTree = BUILT_PRODUCTS_DIR; };
		25922B0214EC286000CBB58A /* UnitTests-Info.plist */ = {isa = PBXFileReference; lastKnownFileType = text.plist.xml; path = "UnitTests-Info.plist"; sourceTree = "<group>"; };
		25922B0414EC286000CBB58A /* en */ = {isa = PBXFileReference; lastKnownFileType = text.plist.strings; name = en; path = en.lproj/InfoPlist.strings; sourceTree = "<group>"; };
		25922B0614EC286000CBB58A /* main.m */ = {isa = PBXFileReference; lastKnownFileType = sourcecode.c.objc; path = main.m; sourceTree = "<group>"; };
		25922B0814EC286000CBB58A /* UnitTests-Prefix.pch */ = {isa = PBXFileReference; lastKnownFileType = sourcecode.c.h; path = "UnitTests-Prefix.pch"; sourceTree = "<group>"; };
		25922B2F14EC297F00CBB58A /* EXPDoubleTuple.h */ = {isa = PBXFileReference; fileEncoding = 4; lastKnownFileType = sourcecode.c.h; path = EXPDoubleTuple.h; sourceTree = "<group>"; };
		25922B3014EC297F00CBB58A /* Expecta.h */ = {isa = PBXFileReference; fileEncoding = 4; lastKnownFileType = sourcecode.c.h; path = Expecta.h; sourceTree = "<group>"; };
		25922B3114EC297F00CBB58A /* ExpectaSupport.h */ = {isa = PBXFileReference; fileEncoding = 4; lastKnownFileType = sourcecode.c.h; path = ExpectaSupport.h; sourceTree = "<group>"; };
		25922B3214EC297F00CBB58A /* EXPExpect.h */ = {isa = PBXFileReference; fileEncoding = 4; lastKnownFileType = sourcecode.c.h; path = EXPExpect.h; sourceTree = "<group>"; };
		25922B3314EC297F00CBB58A /* EXPFloatTuple.h */ = {isa = PBXFileReference; fileEncoding = 4; lastKnownFileType = sourcecode.c.h; path = EXPFloatTuple.h; sourceTree = "<group>"; };
		25922B3414EC297F00CBB58A /* EXPMatcherHelpers.h */ = {isa = PBXFileReference; fileEncoding = 4; lastKnownFileType = sourcecode.c.h; path = EXPMatcherHelpers.h; sourceTree = "<group>"; };
		25922B3514EC297F00CBB58A /* EXPMatchers+toBeFalsy.h */ = {isa = PBXFileReference; fileEncoding = 4; lastKnownFileType = sourcecode.c.h; path = "EXPMatchers+toBeFalsy.h"; sourceTree = "<group>"; };
		25922B3614EC297F00CBB58A /* EXPMatchers+toBeGreaterThan.h */ = {isa = PBXFileReference; fileEncoding = 4; lastKnownFileType = sourcecode.c.h; path = "EXPMatchers+toBeGreaterThan.h"; sourceTree = "<group>"; };
		25922B3714EC297F00CBB58A /* EXPMatchers+toBeGreaterThanOrEqualTo.h */ = {isa = PBXFileReference; fileEncoding = 4; lastKnownFileType = sourcecode.c.h; path = "EXPMatchers+toBeGreaterThanOrEqualTo.h"; sourceTree = "<group>"; };
		25922B3814EC297F00CBB58A /* EXPMatchers+toBeIdenticalTo.h */ = {isa = PBXFileReference; fileEncoding = 4; lastKnownFileType = sourcecode.c.h; path = "EXPMatchers+toBeIdenticalTo.h"; sourceTree = "<group>"; };
		25922B3914EC297F00CBB58A /* EXPMatchers+toBeInstanceOf.h */ = {isa = PBXFileReference; fileEncoding = 4; lastKnownFileType = sourcecode.c.h; path = "EXPMatchers+toBeInstanceOf.h"; sourceTree = "<group>"; };
		25922B3A14EC297F00CBB58A /* EXPMatchers+toBeInTheRangeOf.h */ = {isa = PBXFileReference; fileEncoding = 4; lastKnownFileType = sourcecode.c.h; path = "EXPMatchers+toBeInTheRangeOf.h"; sourceTree = "<group>"; };
		25922B3B14EC297F00CBB58A /* EXPMatchers+toBeKindOf.h */ = {isa = PBXFileReference; fileEncoding = 4; lastKnownFileType = sourcecode.c.h; path = "EXPMatchers+toBeKindOf.h"; sourceTree = "<group>"; };
		25922B3C14EC297F00CBB58A /* EXPMatchers+toBeLessThan.h */ = {isa = PBXFileReference; fileEncoding = 4; lastKnownFileType = sourcecode.c.h; path = "EXPMatchers+toBeLessThan.h"; sourceTree = "<group>"; };
		25922B3D14EC297F00CBB58A /* EXPMatchers+toBeLessThanOrEqualTo.h */ = {isa = PBXFileReference; fileEncoding = 4; lastKnownFileType = sourcecode.c.h; path = "EXPMatchers+toBeLessThanOrEqualTo.h"; sourceTree = "<group>"; };
		25922B3E14EC297F00CBB58A /* EXPMatchers+toBeNil.h */ = {isa = PBXFileReference; fileEncoding = 4; lastKnownFileType = sourcecode.c.h; path = "EXPMatchers+toBeNil.h"; sourceTree = "<group>"; };
		25922B3F14EC297F00CBB58A /* EXPMatchers+toBeSubclassOf.h */ = {isa = PBXFileReference; fileEncoding = 4; lastKnownFileType = sourcecode.c.h; path = "EXPMatchers+toBeSubclassOf.h"; sourceTree = "<group>"; };
		25922B4014EC297F00CBB58A /* EXPMatchers+toBeTruthy.h */ = {isa = PBXFileReference; fileEncoding = 4; lastKnownFileType = sourcecode.c.h; path = "EXPMatchers+toBeTruthy.h"; sourceTree = "<group>"; };
		25922B4114EC297F00CBB58A /* EXPMatchers+toContain.h */ = {isa = PBXFileReference; fileEncoding = 4; lastKnownFileType = sourcecode.c.h; path = "EXPMatchers+toContain.h"; sourceTree = "<group>"; };
		25922B4214EC297F00CBB58A /* EXPMatchers+toEqual.h */ = {isa = PBXFileReference; fileEncoding = 4; lastKnownFileType = sourcecode.c.h; path = "EXPMatchers+toEqual.h"; sourceTree = "<group>"; };
		25922B4314EC297F00CBB58A /* EXPMatchers.h */ = {isa = PBXFileReference; fileEncoding = 4; lastKnownFileType = sourcecode.c.h; path = EXPMatchers.h; sourceTree = "<group>"; };
		25922B4414EC297F00CBB58A /* EXPUnsupportedObject.h */ = {isa = PBXFileReference; fileEncoding = 4; lastKnownFileType = sourcecode.c.h; path = EXPUnsupportedObject.h; sourceTree = "<group>"; };
		25922B4514EC297F00CBB58A /* libExpecta-ios-universal.a */ = {isa = PBXFileReference; lastKnownFileType = archive.ar; path = "libExpecta-ios-universal.a"; sourceTree = "<group>"; };
		25922B4814EC297F00CBB58A /* NSObject+Expecta.h */ = {isa = PBXFileReference; fileEncoding = 4; lastKnownFileType = sourcecode.c.h; path = "NSObject+Expecta.h"; sourceTree = "<group>"; };
		25922B4914EC297F00CBB58A /* NSValue+Expecta.h */ = {isa = PBXFileReference; fileEncoding = 4; lastKnownFileType = sourcecode.c.h; path = "NSValue+Expecta.h"; sourceTree = "<group>"; };
		25922B5114EC29D100CBB58A /* SpecSet.h */ = {isa = PBXFileReference; fileEncoding = 4; lastKnownFileType = sourcecode.c.h; path = SpecSet.h; sourceTree = "<group>"; };
		25922B5214EC2A7A00CBB58A /* ValidationSpecs.h */ = {isa = PBXFileReference; fileEncoding = 4; lastKnownFileType = sourcecode.c.h; path = ValidationSpecs.h; sourceTree = "<group>"; };
		25922B6814EC2D1600CBB58A /* DatabaseManagerSpecs.h */ = {isa = PBXFileReference; fileEncoding = 4; lastKnownFileType = sourcecode.c.h; path = DatabaseManagerSpecs.h; sourceTree = "<group>"; };
		25922B6914EC310100CBB58A /* RelationshipsSpecs.h */ = {isa = PBXFileReference; fileEncoding = 4; lastKnownFileType = sourcecode.c.h; path = RelationshipsSpecs.h; sourceTree = "<group>"; };
		2596BC5514C7209100C6B5E2 /* NSDecimalNumber+sqlRepresentation.h */ = {isa = PBXFileReference; fileEncoding = 4; lastKnownFileType = sourcecode.c.h; path = "NSDecimalNumber+sqlRepresentation.h"; sourceTree = "<group>"; };
		2596BC5614C7209100C6B5E2 /* NSDecimalNumber+sqlRepresentation.m */ = {isa = PBXFileReference; fileEncoding = 4; lastKnownFileType = sourcecode.c.objc; path = "NSDecimalNumber+sqlRepresentation.m"; sourceTree = "<group>"; };
		2598293D14BD740100207D16 /* ARObjectProperty.h */ = {isa = PBXFileReference; fileEncoding = 4; lastKnownFileType = sourcecode.c.h; path = ARObjectProperty.h; sourceTree = "<group>"; };
		2598293E14BD740100207D16 /* ARObjectProperty.m */ = {isa = PBXFileReference; fileEncoding = 4; lastKnownFileType = sourcecode.c.objc; path = ARObjectProperty.m; sourceTree = "<group>"; };
		2598294114BDDB4200207D16 /* class_getSubclasses.h */ = {isa = PBXFileReference; fileEncoding = 4; lastKnownFileType = sourcecode.c.h; path = class_getSubclasses.h; sourceTree = "<group>"; };
		25998EBD14BC199C00CA2490 /* iActiveRecord.app */ = {isa = PBXFileReference; explicitFileType = wrapper.application; includeInIndex = 0; path = iActiveRecord.app; sourceTree = BUILT_PRODUCTS_DIR; };
		25998EC114BC199C00CA2490 /* UIKit.framework */ = {isa = PBXFileReference; lastKnownFileType = wrapper.framework; name = UIKit.framework; path = System/Library/Frameworks/UIKit.framework; sourceTree = SDKROOT; };
		25998EC314BC199C00CA2490 /* Foundation.framework */ = {isa = PBXFileReference; lastKnownFileType = wrapper.framework; name = Foundation.framework; path = System/Library/Frameworks/Foundation.framework; sourceTree = SDKROOT; };
		25998EC514BC199C00CA2490 /* CoreGraphics.framework */ = {isa = PBXFileReference; lastKnownFileType = wrapper.framework; name = CoreGraphics.framework; path = System/Library/Frameworks/CoreGraphics.framework; sourceTree = SDKROOT; };
		25998EC914BC199C00CA2490 /* iActiveRecord-Info.plist */ = {isa = PBXFileReference; lastKnownFileType = text.plist.xml; path = "iActiveRecord-Info.plist"; sourceTree = "<group>"; };
		25998ECB14BC199C00CA2490 /* en */ = {isa = PBXFileReference; lastKnownFileType = text.plist.strings; name = en; path = en.lproj/InfoPlist.strings; sourceTree = "<group>"; };
		25998ECF14BC199C00CA2490 /* iActiveRecord-Prefix.pch */ = {isa = PBXFileReference; lastKnownFileType = sourcecode.c.h; path = "iActiveRecord-Prefix.pch"; sourceTree = "<group>"; };
		25998ED014BC199C00CA2490 /* AppDelegate.h */ = {isa = PBXFileReference; lastKnownFileType = sourcecode.c.h; path = AppDelegate.h; sourceTree = "<group>"; };
		25998ED114BC199C00CA2490 /* AppDelegate.m */ = {isa = PBXFileReference; lastKnownFileType = sourcecode.c.objc; path = AppDelegate.m; sourceTree = "<group>"; };
		25998EE014BC1A1D00CA2490 /* ActiveRecord.h */ = {isa = PBXFileReference; fileEncoding = 4; lastKnownFileType = sourcecode.c.h; path = ActiveRecord.h; sourceTree = "<group>"; };
		25998EE114BC1A1D00CA2490 /* ActiveRecord.m */ = {isa = PBXFileReference; fileEncoding = 4; lastKnownFileType = sourcecode.c.objc; path = ActiveRecord.m; sourceTree = "<group>"; };
		25998EE214BC1A1D00CA2490 /* ARDatabaseManager.h */ = {isa = PBXFileReference; fileEncoding = 4; lastKnownFileType = sourcecode.c.h; path = ARDatabaseManager.h; sourceTree = "<group>"; };
		25998EE314BC1A1D00CA2490 /* ARDatabaseManager.m */ = {isa = PBXFileReference; fileEncoding = 4; lastKnownFileType = sourcecode.c.objc; path = ARDatabaseManager.m; sourceTree = "<group>"; };
		25998EE414BC1A1D00CA2490 /* ARRelationships.h */ = {isa = PBXFileReference; fileEncoding = 4; lastKnownFileType = sourcecode.c.h; path = ARRelationships.h; sourceTree = "<group>"; };
		25998EE514BC1A1D00CA2490 /* NSString+lowercaseFirst.h */ = {isa = PBXFileReference; fileEncoding = 4; lastKnownFileType = sourcecode.c.h; path = "NSString+lowercaseFirst.h"; sourceTree = "<group>"; };
		25998EE614BC1A1D00CA2490 /* NSString+lowercaseFirst.m */ = {isa = PBXFileReference; fileEncoding = 4; lastKnownFileType = sourcecode.c.objc; path = "NSString+lowercaseFirst.m"; sourceTree = "<group>"; };
		25998EEA14BC1A8300CA2490 /* User.h */ = {isa = PBXFileReference; fileEncoding = 4; lastKnownFileType = sourcecode.c.h; path = User.h; sourceTree = "<group>"; };
		25998EEB14BC1A8300CA2490 /* User.m */ = {isa = PBXFileReference; fileEncoding = 4; lastKnownFileType = sourcecode.c.objc; path = User.m; sourceTree = "<group>"; };
		25998EF914BC1DD400CA2490 /* libsqlite3.0.dylib */ = {isa = PBXFileReference; lastKnownFileType = "compiled.mach-o.dylib"; name = libsqlite3.0.dylib; path = usr/lib/libsqlite3.0.dylib; sourceTree = SDKROOT; };
		25998EFB14BC27FD00CA2490 /* Group.h */ = {isa = PBXFileReference; fileEncoding = 4; lastKnownFileType = sourcecode.c.h; path = Group.h; sourceTree = "<group>"; };
		25998EFC14BC27FD00CA2490 /* Group.m */ = {isa = PBXFileReference; fileEncoding = 4; lastKnownFileType = sourcecode.c.objc; path = Group.m; sourceTree = "<group>"; };
		25998F0114BC2D8500CA2490 /* NSObject+properties.h */ = {isa = PBXFileReference; fileEncoding = 4; lastKnownFileType = sourcecode.c.h; path = "NSObject+properties.h"; sourceTree = "<group>"; };
		25998F0214BC2D8500CA2490 /* NSObject+properties.m */ = {isa = PBXFileReference; fileEncoding = 4; lastKnownFileType = sourcecode.c.objc; path = "NSObject+properties.m"; sourceTree = "<group>"; };
		25A1131F14D9BAAE000720E7 /* ARValidations.h */ = {isa = PBXFileReference; fileEncoding = 4; lastKnownFileType = sourcecode.c.h; path = ARValidations.h; sourceTree = "<group>"; };
		25A1132514D9BC10000720E7 /* ARValidatableProtocol.h */ = {isa = PBXFileReference; fileEncoding = 4; lastKnownFileType = sourcecode.c.h; path = ARValidatableProtocol.h; sourceTree = "<group>"; };
		25A1132614D9BCF7000720E7 /* ARErrorHelper.h */ = {isa = PBXFileReference; fileEncoding = 4; lastKnownFileType = sourcecode.c.h; path = ARErrorHelper.h; sourceTree = "<group>"; };
		25A1132714D9C1CF000720E7 /* ARMigrationsHelper.h */ = {isa = PBXFileReference; fileEncoding = 4; lastKnownFileType = sourcecode.c.h; path = ARMigrationsHelper.h; sourceTree = "<group>"; };
		CA0365BE151FCB5F004167F1 /* NSString+quotedString.h */ = {isa = PBXFileReference; fileEncoding = 4; lastKnownFileType = sourcecode.c.h; path = "NSString+quotedString.h"; sourceTree = "<group>"; };
		CA0365BF151FCB5F004167F1 /* NSString+quotedString.m */ = {isa = PBXFileReference; fileEncoding = 4; lastKnownFileType = sourcecode.c.objc; path = "NSString+quotedString.m"; sourceTree = "<group>"; };
		CA3D17B61519257F00FA3F3C /* DropRecordSpecs.h */ = {isa = PBXFileReference; lastKnownFileType = sourcecode.c.h; path = DropRecordSpecs.h; sourceTree = "<group>"; };
		CA3D17B8151926B700FA3F3C /* Cedar-iOS.framework */ = {isa = PBXFileReference; lastKnownFileType = wrapper.framework; name = "Cedar-iOS.framework"; path = "/opt/cedar/cedar/build/Release-iphoneuniversal/Cedar-iOS.framework"; sourceTree = "<absolute>"; };
		CA3D17BC15192A1B00FA3F3C /* CountSpecs.h */ = {isa = PBXFileReference; lastKnownFileType = sourcecode.c.h; path = CountSpecs.h; sourceTree = "<group>"; };
		CA3D18041519D5FA00FA3F3C /* ARLazyFetcher.h */ = {isa = PBXFileReference; fileEncoding = 4; lastKnownFileType = sourcecode.c.h; path = ARLazyFetcher.h; sourceTree = "<group>"; };
		CA3D18051519D5FA00FA3F3C /* ARLazyFetcher.m */ = {isa = PBXFileReference; fileEncoding = 4; lastKnownFileType = sourcecode.c.objc; path = ARLazyFetcher.m; sourceTree = "<group>"; };
		CA3D18081519D61F00FA3F3C /* ARLazyFetcherSpecs.h */ = {isa = PBXFileReference; lastKnownFileType = sourcecode.c.h; path = ARLazyFetcherSpecs.h; sourceTree = "<group>"; };
		CA3D18091519D63300FA3F3C /* FooSpec.h */ = {isa = PBXFileReference; lastKnownFileType = sourcecode.c.h; path = FooSpec.h; sourceTree = "<group>"; };
		CA62C2E9151E039900E54276 /* CoreFoundation.framework */ = {isa = PBXFileReference; lastKnownFileType = wrapper.framework; name = CoreFoundation.framework; path = System/Library/Frameworks/CoreFoundation.framework; sourceTree = SDKROOT; };
		CA62C307151E0AB800E54276 /* ActiveRecord.framework */ = {isa = PBXFileReference; explicitFileType = wrapper.cfbundle; includeInIndex = 0; path = ActiveRecord.framework; sourceTree = BUILT_PRODUCTS_DIR; };
		CA62C30B151E0AB800E54276 /* AppKit.framework */ = {isa = PBXFileReference; lastKnownFileType = wrapper.framework; name = AppKit.framework; path = Library/Frameworks/AppKit.framework; sourceTree = SDKROOT; };
		CA62C30C151E0AB800E54276 /* CoreData.framework */ = {isa = PBXFileReference; lastKnownFileType = wrapper.framework; name = CoreData.framework; path = Library/Frameworks/CoreData.framework; sourceTree = SDKROOT; };
		CA62C30D151E0AB800E54276 /* Foundation.framework */ = {isa = PBXFileReference; lastKnownFileType = wrapper.framework; name = Foundation.framework; path = Library/Frameworks/Foundation.framework; sourceTree = SDKROOT; };
		CA62C310151E0AB800E54276 /* ARBundle-Info.plist */ = {isa = PBXFileReference; lastKnownFileType = text.plist.xml; path = "ARBundle-Info.plist"; sourceTree = "<group>"; };
		CA62C312151E0AB800E54276 /* en */ = {isa = PBXFileReference; lastKnownFileType = text.plist.strings; name = en; path = en.lproj/InfoPlist.strings; sourceTree = "<group>"; };
		CA62C314151E0AB800E54276 /* ARBundle-Prefix.pch */ = {isa = PBXFileReference; lastKnownFileType = sourcecode.c.h; path = "ARBundle-Prefix.pch"; sourceTree = "<group>"; };
		CA62C391151E710700E54276 /* README.md */ = {isa = PBXFileReference; fileEncoding = 4; lastKnownFileType = text; path = README.md; sourceTree = "<group>"; };
		CAA8DE941515DA02004AB173 /* main.m */ = {isa = PBXFileReference; fileEncoding = 4; lastKnownFileType = sourcecode.c.objc; path = main.m; sourceTree = "<group>"; };
		CAAF5D8E151A1430004C4329 /* ARFactory.h */ = {isa = PBXFileReference; fileEncoding = 4; lastKnownFileType = sourcecode.c.h; path = ARFactory.h; sourceTree = "<group>"; };
		CAAF5D8F151A1430004C4329 /* ARFactory.m */ = {isa = PBXFileReference; fileEncoding = 4; lastKnownFileType = sourcecode.c.objc; path = ARFactory.m; sourceTree = "<group>"; };
		CAAF5D92151A15EB004C4329 /* ARFactorySpecs.h */ = {isa = PBXFileReference; lastKnownFileType = sourcecode.c.h; path = ARFactorySpecs.h; sourceTree = "<group>"; };
		CAAF5D9F151A5148004C4329 /* NSArray+objectsAccessors.h */ = {isa = PBXFileReference; fileEncoding = 4; lastKnownFileType = sourcecode.c.h; path = "NSArray+objectsAccessors.h"; sourceTree = "<group>"; };
		CAAF5DA0151A5148004C4329 /* NSArray+objectsAccessors.m */ = {isa = PBXFileReference; fileEncoding = 4; lastKnownFileType = sourcecode.c.objc; path = "NSArray+objectsAccessors.m"; sourceTree = "<group>"; };
		CAAF5DC8151BA3F4004C4329 /* Project.h */ = {isa = PBXFileReference; fileEncoding = 4; lastKnownFileType = sourcecode.c.h; path = Project.h; sourceTree = "<group>"; };
		CAAF5DC9151BA3F4004C4329 /* Project.m */ = {isa = PBXFileReference; fileEncoding = 4; lastKnownFileType = sourcecode.c.objc; path = Project.m; sourceTree = "<group>"; };
		CAAF5DCB151BA40E004C4329 /* UserProjectRelationship.h */ = {isa = PBXFileReference; fileEncoding = 4; lastKnownFileType = sourcecode.c.h; path = UserProjectRelationship.h; sourceTree = "<group>"; };
		CAAF5DCC151BA40F004C4329 /* UserProjectRelationship.m */ = {isa = PBXFileReference; fileEncoding = 4; lastKnownFileType = sourcecode.c.objc; path = UserProjectRelationship.m; sourceTree = "<group>"; };
		CAAF5E23151CAC58004C4329 /* ARWhereStatement.h */ = {isa = PBXFileReference; fileEncoding = 4; lastKnownFileType = sourcecode.c.h; path = ARWhereStatement.h; sourceTree = "<group>"; };
		CAAF5E24151CAC58004C4329 /* ARWhereStatement.m */ = {isa = PBXFileReference; fileEncoding = 4; lastKnownFileType = sourcecode.c.objc; path = ARWhereStatement.m; sourceTree = "<group>"; };
		CABB90851520B14900E8D082 /* TODO */ = {isa = PBXFileReference; fileEncoding = 4; lastKnownFileType = text; path = TODO; sourceTree = "<group>"; };
		CABB90881520C26800E8D082 /* DependencySpecs.h */ = {isa = PBXFileReference; lastKnownFileType = sourcecode.c.h; path = DependencySpecs.h; sourceTree = "<group>"; };
		CABB90971520DA2000E8D082 /* AREnum.h */ = {isa = PBXFileReference; lastKnownFileType = sourcecode.c.h; path = AREnum.h; sourceTree = "<group>"; };
		CABB909A1520DA6600E8D082 /* ARRelationBelongsTo.h */ = {isa = PBXFileReference; fileEncoding = 4; lastKnownFileType = sourcecode.c.h; path = ARRelationBelongsTo.h; sourceTree = "<group>"; };
		CABB909B1520DA6600E8D082 /* ARRelationBelongsTo.m */ = {isa = PBXFileReference; fileEncoding = 4; lastKnownFileType = sourcecode.c.objc; path = ARRelationBelongsTo.m; sourceTree = "<group>"; };
		CABB90A01520E63200E8D082 /* ARRelationHasMany.h */ = {isa = PBXFileReference; fileEncoding = 4; lastKnownFileType = sourcecode.c.h; path = ARRelationHasMany.h; sourceTree = "<group>"; };
		CABB90A11520E63200E8D082 /* ARRelationHasMany.m */ = {isa = PBXFileReference; fileEncoding = 4; lastKnownFileType = sourcecode.c.objc; path = ARRelationHasMany.m; sourceTree = "<group>"; };
		CAF24809151F298B00120198 /* ARError.h */ = {isa = PBXFileReference; fileEncoding = 4; lastKnownFileType = sourcecode.c.h; path = ARError.h; sourceTree = "<group>"; };
		CAF2480A151F298B00120198 /* ARError.m */ = {isa = PBXFileReference; fileEncoding = 4; lastKnownFileType = sourcecode.c.objc; path = ARError.m; sourceTree = "<group>"; };
		CAF24816151F383000120198 /* NSData+sqlRepresentation.h */ = {isa = PBXFileReference; fileEncoding = 4; lastKnownFileType = sourcecode.c.h; path = "NSData+sqlRepresentation.h"; sourceTree = "<group>"; };
		CAF24817151F383000120198 /* NSData+sqlRepresentation.m */ = {isa = PBXFileReference; fileEncoding = 4; lastKnownFileType = sourcecode.c.objc; path = "NSData+sqlRepresentation.m"; sourceTree = "<group>"; };
		CAF2481C151F39C600120198 /* ARRepresentationProtocol.h */ = {isa = PBXFileReference; lastKnownFileType = sourcecode.c.h; path = ARRepresentationProtocol.h; sourceTree = "<group>"; };
/* End PBXFileReference section */

/* Begin PBXFrameworksBuildPhase section */
		25922AF814EC286000CBB58A /* Frameworks */ = {
			isa = PBXFrameworksBuildPhase;
			buildActionMask = 2147483647;
			files = (
				CA3D17BA151926B700FA3F3C /* Cedar-iOS.framework in Frameworks */,
				25922B6114EC2BC600CBB58A /* libsqlite3.0.dylib in Frameworks */,
				25922AFD14EC286000CBB58A /* UIKit.framework in Frameworks */,
				25922AFE14EC286000CBB58A /* Foundation.framework in Frameworks */,
				25922AFF14EC286000CBB58A /* CoreGraphics.framework in Frameworks */,
				25922B4C14EC297F00CBB58A /* libExpecta-ios-universal.a in Frameworks */,
			);
			runOnlyForDeploymentPostprocessing = 0;
		};
		25998EBA14BC199C00CA2490 /* Frameworks */ = {
			isa = PBXFrameworksBuildPhase;
			buildActionMask = 2147483647;
			files = (
				25998EFA14BC1DD400CA2490 /* libsqlite3.0.dylib in Frameworks */,
				25998EC214BC199C00CA2490 /* UIKit.framework in Frameworks */,
				25998EC414BC199C00CA2490 /* Foundation.framework in Frameworks */,
				25998EC614BC199C00CA2490 /* CoreGraphics.framework in Frameworks */,
			);
			runOnlyForDeploymentPostprocessing = 0;
		};
		CA62C304151E0AB800E54276 /* Frameworks */ = {
			isa = PBXFrameworksBuildPhase;
			buildActionMask = 2147483647;
			files = (
			);
			runOnlyForDeploymentPostprocessing = 0;
		};
/* End PBXFrameworksBuildPhase section */

/* Begin PBXGroup section */
		254F5EBD14C5E76700AC0D86 /* NSNumber */ = {
			isa = PBXGroup;
			children = (
				254F5EBE14C5E78100AC0D86 /* NSNumber+sqlRepresentation.h */,
				254F5EBF14C5E78100AC0D86 /* NSNumber+sqlRepresentation.m */,
			);
			name = NSNumber;
			sourceTree = "<group>";
		};
		25922B0014EC286000CBB58A /* UnitTests */ = {
			isa = PBXGroup;
			children = (
				25922B2D14EC297F00CBB58A /* Expecta */,
				25922B1314EC28D000CBB58A /* Specs */,
				25922B0114EC286000CBB58A /* Supporting Files */,
			);
			path = UnitTests;
			sourceTree = "<group>";
		};
		25922B0114EC286000CBB58A /* Supporting Files */ = {
			isa = PBXGroup;
			children = (
				25922B0214EC286000CBB58A /* UnitTests-Info.plist */,
				25922B0314EC286000CBB58A /* InfoPlist.strings */,
				25922B0614EC286000CBB58A /* main.m */,
				25922B0814EC286000CBB58A /* UnitTests-Prefix.pch */,
			);
			name = "Supporting Files";
			sourceTree = "<group>";
		};
		25922B1314EC28D000CBB58A /* Specs */ = {
			isa = PBXGroup;
			children = (
				25922B5214EC2A7A00CBB58A /* ValidationSpecs.h */,
				25922B5114EC29D100CBB58A /* SpecSet.h */,
				25922B6814EC2D1600CBB58A /* DatabaseManagerSpecs.h */,
				25922B6914EC310100CBB58A /* RelationshipsSpecs.h */,
				CA3D17B61519257F00FA3F3C /* DropRecordSpecs.h */,
				CA3D17BC15192A1B00FA3F3C /* CountSpecs.h */,
				CA3D18081519D61F00FA3F3C /* ARLazyFetcherSpecs.h */,
				CA3D18091519D63300FA3F3C /* FooSpec.h */,
				CAAF5D92151A15EB004C4329 /* ARFactorySpecs.h */,
				CABB90881520C26800E8D082 /* DependencySpecs.h */,
			);
			name = Specs;
			sourceTree = "<group>";
		};
		25922B2D14EC297F00CBB58A /* Expecta */ = {
			isa = PBXGroup;
			children = (
				25922B2F14EC297F00CBB58A /* EXPDoubleTuple.h */,
				25922B3014EC297F00CBB58A /* Expecta.h */,
				25922B3114EC297F00CBB58A /* ExpectaSupport.h */,
				25922B3214EC297F00CBB58A /* EXPExpect.h */,
				25922B3314EC297F00CBB58A /* EXPFloatTuple.h */,
				25922B3414EC297F00CBB58A /* EXPMatcherHelpers.h */,
				25922B3514EC297F00CBB58A /* EXPMatchers+toBeFalsy.h */,
				25922B3614EC297F00CBB58A /* EXPMatchers+toBeGreaterThan.h */,
				25922B3714EC297F00CBB58A /* EXPMatchers+toBeGreaterThanOrEqualTo.h */,
				25922B3814EC297F00CBB58A /* EXPMatchers+toBeIdenticalTo.h */,
				25922B3914EC297F00CBB58A /* EXPMatchers+toBeInstanceOf.h */,
				25922B3A14EC297F00CBB58A /* EXPMatchers+toBeInTheRangeOf.h */,
				25922B3B14EC297F00CBB58A /* EXPMatchers+toBeKindOf.h */,
				25922B3C14EC297F00CBB58A /* EXPMatchers+toBeLessThan.h */,
				25922B3D14EC297F00CBB58A /* EXPMatchers+toBeLessThanOrEqualTo.h */,
				25922B3E14EC297F00CBB58A /* EXPMatchers+toBeNil.h */,
				25922B3F14EC297F00CBB58A /* EXPMatchers+toBeSubclassOf.h */,
				25922B4014EC297F00CBB58A /* EXPMatchers+toBeTruthy.h */,
				25922B4114EC297F00CBB58A /* EXPMatchers+toContain.h */,
				25922B4214EC297F00CBB58A /* EXPMatchers+toEqual.h */,
				25922B4314EC297F00CBB58A /* EXPMatchers.h */,
				25922B4414EC297F00CBB58A /* EXPUnsupportedObject.h */,
				25922B4514EC297F00CBB58A /* libExpecta-ios-universal.a */,
				25922B4814EC297F00CBB58A /* NSObject+Expecta.h */,
				25922B4914EC297F00CBB58A /* NSValue+Expecta.h */,
			);
			path = Expecta;
			sourceTree = "<group>";
		};
		2596BC5314C7207100C6B5E2 /* NSDecimalNumber */ = {
			isa = PBXGroup;
			children = (
				2596BC5514C7209100C6B5E2 /* NSDecimalNumber+sqlRepresentation.h */,
				2596BC5614C7209100C6B5E2 /* NSDecimalNumber+sqlRepresentation.m */,
			);
			name = NSDecimalNumber;
			sourceTree = "<group>";
		};
		25998EB214BC199C00CA2490 = {
			isa = PBXGroup;
			children = (
				CAAF5DCF151BA685004C4329 /* Readme */,
				25998EC714BC199C00CA2490 /* iActiveRecord */,
				25922B0014EC286000CBB58A /* UnitTests */,
				CA62C30E151E0AB800E54276 /* ARBundle */,
				25998EC014BC199C00CA2490 /* Frameworks */,
				25998EBE14BC199C00CA2490 /* Products */,
			);
			sourceTree = "<group>";
		};
		25998EBE14BC199C00CA2490 /* Products */ = {
			isa = PBXGroup;
			children = (
				25998EBD14BC199C00CA2490 /* iActiveRecord.app */,
				25922AFB14EC286000CBB58A /* UnitTests.app */,
				CA62C307151E0AB800E54276 /* ActiveRecord.framework */,
			);
			name = Products;
			sourceTree = "<group>";
		};
		25998EC014BC199C00CA2490 /* Frameworks */ = {
			isa = PBXGroup;
			children = (
				CA3D17B8151926B700FA3F3C /* Cedar-iOS.framework */,
				25998EF914BC1DD400CA2490 /* libsqlite3.0.dylib */,
				25998EC114BC199C00CA2490 /* UIKit.framework */,
				25998EC314BC199C00CA2490 /* Foundation.framework */,
				25998EC514BC199C00CA2490 /* CoreGraphics.framework */,
				CA62C2E9151E039900E54276 /* CoreFoundation.framework */,
				CA62C30A151E0AB800E54276 /* Other Frameworks */,
			);
			name = Frameworks;
			sourceTree = "<group>";
		};
		25998EC714BC199C00CA2490 /* iActiveRecord */ = {
			isa = PBXGroup;
			children = (
				25998EDC14BC19E200CA2490 /* Classes */,
				25998EC814BC199C00CA2490 /* Supporting Files */,
			);
			path = iActiveRecord;
			sourceTree = "<group>";
		};
		25998EC814BC199C00CA2490 /* Supporting Files */ = {
			isa = PBXGroup;
			children = (
				25998EC914BC199C00CA2490 /* iActiveRecord-Info.plist */,
				25998ECA14BC199C00CA2490 /* InfoPlist.strings */,
				25998ECF14BC199C00CA2490 /* iActiveRecord-Prefix.pch */,
				CAA8DE941515DA02004AB173 /* main.m */,
			);
			name = "Supporting Files";
			sourceTree = "<group>";
		};
		25998EDC14BC19E200CA2490 /* Classes */ = {
			isa = PBXGroup;
			children = (
				25998EFE14BC2D4600CA2490 /* Extra */,
				25998EED14BC1A9A00CA2490 /* Test Entities */,
				25998EDF14BC19F100CA2490 /* ActiveRecord */,
				25998EDE14BC19E900CA2490 /* AppDelegate */,
			);
			name = Classes;
			sourceTree = "<group>";
		};
		25998EDE14BC19E900CA2490 /* AppDelegate */ = {
			isa = PBXGroup;
			children = (
				25998ED014BC199C00CA2490 /* AppDelegate.h */,
				25998ED114BC199C00CA2490 /* AppDelegate.m */,
			);
			name = AppDelegate;
			sourceTree = "<group>";
		};
		25998EDF14BC19F100CA2490 /* ActiveRecord */ = {
			isa = PBXGroup;
			children = (
				CABB90991520DA4300E8D082 /* Relationships */,
				CA3D18031519D57A00FA3F3C /* Classes */,
				CA3D18021519D56A00FA3F3C /* Managers */,
				CA3D18001519D55300FA3F3C /* Helpers */,
			);
			name = ActiveRecord;
			sourceTree = "<group>";
		};
		25998EED14BC1A9A00CA2490 /* Test Entities */ = {
			isa = PBXGroup;
			children = (
				25998EEA14BC1A8300CA2490 /* User.h */,
				25998EEB14BC1A8300CA2490 /* User.m */,
				25998EFB14BC27FD00CA2490 /* Group.h */,
				25998EFC14BC27FD00CA2490 /* Group.m */,
				CAAF5DC8151BA3F4004C4329 /* Project.h */,
				CAAF5DC9151BA3F4004C4329 /* Project.m */,
				CAAF5DCB151BA40E004C4329 /* UserProjectRelationship.h */,
				CAAF5DCC151BA40F004C4329 /* UserProjectRelationship.m */,
			);
			name = "Test Entities";
			sourceTree = "<group>";
		};
		25998EFE14BC2D4600CA2490 /* Extra */ = {
			isa = PBXGroup;
			children = (
				CAF2480F151F375000120198 /* NSData */,
				CAAF5D9D151A511C004C4329 /* NSArray */,
				2596BC5314C7207100C6B5E2 /* NSDecimalNumber */,
				254F5EBD14C5E76700AC0D86 /* NSNumber */,
				25998F0014BC2D6600CA2490 /* NSObject */,
				25998EFF14BC2D5400CA2490 /* NSString */,
			);
			name = Extra;
			sourceTree = "<group>";
		};
		25998EFF14BC2D5400CA2490 /* NSString */ = {
			isa = PBXGroup;
			children = (
				25998EE514BC1A1D00CA2490 /* NSString+lowercaseFirst.h */,
				25998EE614BC1A1D00CA2490 /* NSString+lowercaseFirst.m */,
				254F5EBA14C5E71C00AC0D86 /* NSString+sqlRepresentation.h */,
				254F5EBB14C5E71C00AC0D86 /* NSString+sqlRepresentation.m */,
				CA0365BE151FCB5F004167F1 /* NSString+quotedString.h */,
				CA0365BF151FCB5F004167F1 /* NSString+quotedString.m */,
			);
			name = NSString;
			sourceTree = "<group>";
		};
		25998F0014BC2D6600CA2490 /* NSObject */ = {
			isa = PBXGroup;
			children = (
				25998F0114BC2D8500CA2490 /* NSObject+properties.h */,
				25998F0214BC2D8500CA2490 /* NSObject+properties.m */,
			);
			name = NSObject;
			sourceTree = "<group>";
		};
		CA3D18001519D55300FA3F3C /* Helpers */ = {
			isa = PBXGroup;
			children = (
				25A1132614D9BCF7000720E7 /* ARErrorHelper.h */,
				2598294114BDDB4200207D16 /* class_getSubclasses.h */,
				25998EE414BC1A1D00CA2490 /* ARRelationships.h */,
				25A1131F14D9BAAE000720E7 /* ARValidations.h */,
				25A1132514D9BC10000720E7 /* ARValidatableProtocol.h */,
				25A1132714D9C1CF000720E7 /* ARMigrationsHelper.h */,
				CAF2481C151F39C600120198 /* ARRepresentationProtocol.h */,
				CABB90971520DA2000E8D082 /* AREnum.h */,
			);
			name = Helpers;
			sourceTree = "<group>";
		};
		CA3D18021519D56A00FA3F3C /* Managers */ = {
			isa = PBXGroup;
			children = (
				25998EE214BC1A1D00CA2490 /* ARDatabaseManager.h */,
				25998EE314BC1A1D00CA2490 /* ARDatabaseManager.m */,
			);
			name = Managers;
			sourceTree = "<group>";
		};
		CA3D18031519D57A00FA3F3C /* Classes */ = {
			isa = PBXGroup;
			children = (
				2598293D14BD740100207D16 /* ARObjectProperty.h */,
				2598293E14BD740100207D16 /* ARObjectProperty.m */,
				25998EE014BC1A1D00CA2490 /* ActiveRecord.h */,
				25998EE114BC1A1D00CA2490 /* ActiveRecord.m */,
				CA3D18041519D5FA00FA3F3C /* ARLazyFetcher.h */,
				CA3D18051519D5FA00FA3F3C /* ARLazyFetcher.m */,
				CAAF5D8E151A1430004C4329 /* ARFactory.h */,
				CAAF5D8F151A1430004C4329 /* ARFactory.m */,
				CAAF5E23151CAC58004C4329 /* ARWhereStatement.h */,
				CAAF5E24151CAC58004C4329 /* ARWhereStatement.m */,
				CAF24809151F298B00120198 /* ARError.h */,
				CAF2480A151F298B00120198 /* ARError.m */,
			);
			name = Classes;
			sourceTree = "<group>";
		};
		CA62C30A151E0AB800E54276 /* Other Frameworks */ = {
			isa = PBXGroup;
			children = (
				CA62C30B151E0AB800E54276 /* AppKit.framework */,
				CA62C30C151E0AB800E54276 /* CoreData.framework */,
				CA62C30D151E0AB800E54276 /* Foundation.framework */,
			);
			name = "Other Frameworks";
			sourceTree = "<group>";
		};
		CA62C30E151E0AB800E54276 /* ARBundle */ = {
			isa = PBXGroup;
			children = (
				CA62C30F151E0AB800E54276 /* Supporting Files */,
			);
			path = ARBundle;
			sourceTree = "<group>";
		};
		CA62C30F151E0AB800E54276 /* Supporting Files */ = {
			isa = PBXGroup;
			children = (
				CA62C310151E0AB800E54276 /* ARBundle-Info.plist */,
				CA62C311151E0AB800E54276 /* InfoPlist.strings */,
				CA62C314151E0AB800E54276 /* ARBundle-Prefix.pch */,
			);
			name = "Supporting Files";
			sourceTree = "<group>";
		};
		CAAF5D9D151A511C004C4329 /* NSArray */ = {
			isa = PBXGroup;
			children = (
				CAAF5D9F151A5148004C4329 /* NSArray+objectsAccessors.h */,
				CAAF5DA0151A5148004C4329 /* NSArray+objectsAccessors.m */,
			);
			name = NSArray;
			sourceTree = "<group>";
		};
		CAAF5DCF151BA685004C4329 /* Readme */ = {
			isa = PBXGroup;
			children = (
				CA62C391151E710700E54276 /* README.md */,
				CABB90851520B14900E8D082 /* TODO */,
			);
			name = Readme;
			sourceTree = "<group>";
		};
		CABB90991520DA4300E8D082 /* Relationships */ = {
			isa = PBXGroup;
			children = (
				CABB909A1520DA6600E8D082 /* ARRelationBelongsTo.h */,
				CABB909B1520DA6600E8D082 /* ARRelationBelongsTo.m */,
				CABB90A01520E63200E8D082 /* ARRelationHasMany.h */,
				CABB90A11520E63200E8D082 /* ARRelationHasMany.m */,
			);
			name = Relationships;
			sourceTree = "<group>";
		};
		CAF2480F151F375000120198 /* NSData */ = {
			isa = PBXGroup;
			children = (
				CAF24816151F383000120198 /* NSData+sqlRepresentation.h */,
				CAF24817151F383000120198 /* NSData+sqlRepresentation.m */,
			);
			name = NSData;
			sourceTree = "<group>";
		};
/* End PBXGroup section */

/* Begin PBXHeadersBuildPhase section */
		CA62C31D151E0E5100E54276 /* Headers */ = {
			isa = PBXHeadersBuildPhase;
			buildActionMask = 2147483647;
			files = (
				CA62C31F151E0EC400E54276 /* NSArray+objectsAccessors.h in Headers */,
				CA62C320151E0EC400E54276 /* NSDecimalNumber+sqlRepresentation.h in Headers */,
				CA62C321151E0EC400E54276 /* NSNumber+sqlRepresentation.h in Headers */,
				CA62C323151E0EC400E54276 /* NSObject+properties.h in Headers */,
				CA62C324151E0EC400E54276 /* NSString+lowercaseFirst.h in Headers */,
				CA62C325151E0EC400E54276 /* NSString+sqlRepresentation.h in Headers */,
				CA62C326151E0EC400E54276 /* ARObjectProperty.h in Headers */,
				CA62C327151E0EC400E54276 /* ActiveRecord.h in Headers */,
				CA62C328151E0EC400E54276 /* ARLazyFetcher.h in Headers */,
				CA62C32A151E0EC400E54276 /* ARWhereStatement.h in Headers */,
				CA62C32B151E0EC400E54276 /* ARDatabaseManager.h in Headers */,
				CA62C32C151E0EC400E54276 /* ARErrorHelper.h in Headers */,
				CA62C32D151E0EC400E54276 /* class_getSubclasses.h in Headers */,
				CA62C32E151E0EC400E54276 /* ARRelationships.h in Headers */,
				CA62C32F151E0EC400E54276 /* ARValidations.h in Headers */,
				CA62C330151E0EC400E54276 /* ARValidatableProtocol.h in Headers */,
				CA62C331151E0EC400E54276 /* ARMigrationsHelper.h in Headers */,
				CAF2480B151F298B00120198 /* ARError.h in Headers */,
				CAF24818151F383000120198 /* NSData+sqlRepresentation.h in Headers */,
				CAF24828151F3AA700120198 /* ARRepresentationProtocol.h in Headers */,
				CA0365C0151FCB5F004167F1 /* NSString+quotedString.h in Headers */,
				CABB909C1520DA6600E8D082 /* ARRelationBelongsTo.h in Headers */,
				CABB90A21520E63200E8D082 /* ARRelationHasMany.h in Headers */,
			);
			runOnlyForDeploymentPostprocessing = 0;
		};
/* End PBXHeadersBuildPhase section */

/* Begin PBXNativeTarget section */
		25922AFA14EC286000CBB58A /* UnitTests */ = {
			isa = PBXNativeTarget;
			buildConfigurationList = 25922B0C14EC286000CBB58A /* Build configuration list for PBXNativeTarget "UnitTests" */;
			buildPhases = (
				25922AF714EC286000CBB58A /* Sources */,
				25922AF814EC286000CBB58A /* Frameworks */,
				25922AF914EC286000CBB58A /* Resources */,
			);
			buildRules = (
			);
			dependencies = (
			);
			name = UnitTests;
			productName = UnitTests;
			productReference = 25922AFB14EC286000CBB58A /* UnitTests.app */;
			productType = "com.apple.product-type.application";
		};
		25998EBC14BC199C00CA2490 /* iActiveRecord */ = {
			isa = PBXNativeTarget;
			buildConfigurationList = 25998ED514BC199C00CA2490 /* Build configuration list for PBXNativeTarget "iActiveRecord" */;
			buildPhases = (
				25998EB914BC199C00CA2490 /* Sources */,
				25998EBA14BC199C00CA2490 /* Frameworks */,
				25998EBB14BC199C00CA2490 /* Resources */,
			);
			buildRules = (
			);
			dependencies = (
			);
			name = iActiveRecord;
			productName = iActiveRecord;
			productReference = 25998EBD14BC199C00CA2490 /* iActiveRecord.app */;
			productType = "com.apple.product-type.application";
		};
		CA62C306151E0AB800E54276 /* ActiveRecord */ = {
			isa = PBXNativeTarget;
			buildConfigurationList = CA62C315151E0AB800E54276 /* Build configuration list for PBXNativeTarget "ActiveRecord" */;
			buildPhases = (
				CA62C303151E0AB800E54276 /* Sources */,
				CA62C304151E0AB800E54276 /* Frameworks */,
				CA62C305151E0AB800E54276 /* Resources */,
				CA62C31D151E0E5100E54276 /* Headers */,
			);
			buildRules = (
			);
			dependencies = (
			);
			name = ActiveRecord;
			productName = ARBundle;
			productReference = CA62C307151E0AB800E54276 /* ActiveRecord.framework */;
			productType = "com.apple.product-type.bundle";
		};
/* End PBXNativeTarget section */

/* Begin PBXProject section */
		25998EB414BC199C00CA2490 /* Project object */ = {
			isa = PBXProject;
			attributes = {
				LastUpgradeCheck = 0420;
			};
			buildConfigurationList = 25998EB714BC199C00CA2490 /* Build configuration list for PBXProject "iActiveRecord" */;
			compatibilityVersion = "Xcode 3.2";
			developmentRegion = English;
			hasScannedForEncodings = 0;
			knownRegions = (
				en,
			);
			mainGroup = 25998EB214BC199C00CA2490;
			productRefGroup = 25998EBE14BC199C00CA2490 /* Products */;
			projectDirPath = "";
			projectRoot = "";
			targets = (
				25998EBC14BC199C00CA2490 /* iActiveRecord */,
				25922AFA14EC286000CBB58A /* UnitTests */,
				CA62C306151E0AB800E54276 /* ActiveRecord */,
				CA62C33E151E0F7300E54276 /* Build_Framework */,
			);
		};
/* End PBXProject section */

/* Begin PBXResourcesBuildPhase section */
		25922AF914EC286000CBB58A /* Resources */ = {
			isa = PBXResourcesBuildPhase;
			buildActionMask = 2147483647;
			files = (
				25922B0514EC286000CBB58A /* InfoPlist.strings in Resources */,
			);
			runOnlyForDeploymentPostprocessing = 0;
		};
		25998EBB14BC199C00CA2490 /* Resources */ = {
			isa = PBXResourcesBuildPhase;
			buildActionMask = 2147483647;
			files = (
				25998ECC14BC199C00CA2490 /* InfoPlist.strings in Resources */,
				CA62C392151E710800E54276 /* README.md in Resources */,
				CABB90861520B14900E8D082 /* TODO in Resources */,
			);
			runOnlyForDeploymentPostprocessing = 0;
		};
		CA62C305151E0AB800E54276 /* Resources */ = {
			isa = PBXResourcesBuildPhase;
			buildActionMask = 2147483647;
			files = (
				CA62C313151E0AB800E54276 /* InfoPlist.strings in Resources */,
			);
			runOnlyForDeploymentPostprocessing = 0;
		};
/* End PBXResourcesBuildPhase section */

/* Begin PBXShellScriptBuildPhase section */
		CA62C342151E0FB100E54276 /* ShellScript */ = {
			isa = PBXShellScriptBuildPhase;
			buildActionMask = 2147483647;
			files = (
			);
			inputPaths = (
			);
			outputPaths = (
			);
			runOnlyForDeploymentPostprocessing = 0;
			shellPath = /bin/sh;
			shellScript = "#\n# Thank for tutorial\n# http://db-in.com/blog/2011/07/universal-framework-iphone-ios-2-0/\n#\n# Sets the target folders and the final framework product.\nFMK_NAME=ActiveRecord\nFMK_VERSION=A\n \n# Install dir will be the final output to the framework.\n# The following line create it in the root folder of the current project.\nINSTALL_DIR=~/Products/${FMK_NAME}.framework\n \n# Working dir will be deleted after the framework creation.\nWRK_DIR=build\nDEVICE_DIR=${WRK_DIR}/Release-iphoneos/${FMK_NAME}.framework\nSIMULATOR_DIR=${WRK_DIR}/Release-iphonesimulator/${FMK_NAME}.framework\n \n# Building both architectures.\nxcodebuild -configuration \"Release\" -target \"${FMK_NAME}\" -sdk iphoneos\nxcodebuild -configuration \"Release\" -target \"${FMK_NAME}\" -sdk iphonesimulator\n \n# Cleaning the oldest.\nif [ -d \"${INSTALL_DIR}\" ]\nthen\nrm -rf \"${INSTALL_DIR}\"\nfi\n \n# Creates and renews the final product folder.\nmkdir -p \"${INSTALL_DIR}\"\nmkdir -p \"${INSTALL_DIR}/Versions\"\nmkdir -p \"${INSTALL_DIR}/Versions/${FMK_VERSION}\"\nmkdir -p \"${INSTALL_DIR}/Versions/${FMK_VERSION}/Resources\"\nmkdir -p \"${INSTALL_DIR}/Versions/${FMK_VERSION}/Headers\"\n \n# Creates the internal links.\n# It MUST uses relative path, otherwise will not work when the folder is copied/moved.\nln -s \"${FMK_VERSION}\" \"${INSTALL_DIR}/Versions/Current\"\nln -s \"Versions/Current/Headers\" \"${INSTALL_DIR}/Headers\"\nln -s \"Versions/Current/Resources\" \"${INSTALL_DIR}/Resources\"\nln -s \"Versions/Current/${FMK_NAME}\" \"${INSTALL_DIR}/${FMK_NAME}\"\n \n# Copies the headers and resources files to the final product folder.\ncp -R \"${DEVICE_DIR}/Headers/\" \"${INSTALL_DIR}/Versions/${FMK_VERSION}/Headers/\"\ncp -R \"${DEVICE_DIR}/\" \"${INSTALL_DIR}/Versions/${FMK_VERSION}/Resources/\"\n \n# Removes the binary and header from the resources folder.\nrm -r \"${INSTALL_DIR}/Versions/${FMK_VERSION}/Resources/Headers\" \"${INSTALL_DIR}/Versions/${FMK_VERSION}/Resources/${FMK_NAME}\"\n \n# Uses the Lipo Tool to merge both binary files (i386 + armv6/armv7) into one Universal final product.\nlipo -create \"${DEVICE_DIR}/${FMK_NAME}\" \"${SIMULATOR_DIR}/${FMK_NAME}\" -output \"${INSTALL_DIR}/Versions/${FMK_VERSION}/${FMK_NAME}\"\n \nrm -r \"${WRK_DIR}\"";
		};
/* End PBXShellScriptBuildPhase section */

/* Begin PBXSourcesBuildPhase section */
		25922AF714EC286000CBB58A /* Sources */ = {
			isa = PBXSourcesBuildPhase;
			buildActionMask = 2147483647;
			files = (
				CAAF5DD3151BB24E004C4329 /* Project.m in Sources */,
				25922B6314EC2C2200CBB58A /* NSDecimalNumber+sqlRepresentation.m in Sources */,
				25922B6414EC2C2200CBB58A /* NSNumber+sqlRepresentation.m in Sources */,
				25922B6514EC2C2200CBB58A /* NSString+lowercaseFirst.m in Sources */,
				25922B6614EC2C2200CBB58A /* NSString+sqlRepresentation.m in Sources */,
				25922B6714EC2C2200CBB58A /* Group.m in Sources */,
				25922B6214EC2C0200CBB58A /* NSObject+properties.m in Sources */,
				25922B5614EC2BB600CBB58A /* ActiveRecord.m in Sources */,
				25922B5814EC2BB600CBB58A /* ARDatabaseManager.m in Sources */,
				25922B5B14EC2BB600CBB58A /* ARObjectProperty.m in Sources */,
				25922B5414EC2BA300CBB58A /* User.m in Sources */,
				25922B0714EC286000CBB58A /* main.m in Sources */,
				CA3D18071519D5FA00FA3F3C /* ARLazyFetcher.m in Sources */,
				CAAF5D91151A1430004C4329 /* ARFactory.m in Sources */,
				CAAF5DA2151A5148004C4329 /* NSArray+objectsAccessors.m in Sources */,
				CAAF5DCE151BA40F004C4329 /* UserProjectRelationship.m in Sources */,
				CAAF5E26151CAC58004C4329 /* ARWhereStatement.m in Sources */,
				CAF2480D151F298B00120198 /* ARError.m in Sources */,
				CAF2481A151F383000120198 /* NSData+sqlRepresentation.m in Sources */,
				CA0365C2151FCB5F004167F1 /* NSString+quotedString.m in Sources */,
				CABB909E1520DA6600E8D082 /* ARRelationBelongsTo.m in Sources */,
				CABB90A41520E63200E8D082 /* ARRelationHasMany.m in Sources */,
			);
			runOnlyForDeploymentPostprocessing = 0;
		};
		25998EB914BC199C00CA2490 /* Sources */ = {
			isa = PBXSourcesBuildPhase;
			buildActionMask = 2147483647;
			files = (
				25998ED214BC199C00CA2490 /* AppDelegate.m in Sources */,
				25998EE714BC1A1D00CA2490 /* ActiveRecord.m in Sources */,
				25998EE814BC1A1D00CA2490 /* ARDatabaseManager.m in Sources */,
				25998EE914BC1A1D00CA2490 /* NSString+lowercaseFirst.m in Sources */,
				25998EEC14BC1A8300CA2490 /* User.m in Sources */,
				25998EFD14BC27FD00CA2490 /* Group.m in Sources */,
				25998F0314BC2D8500CA2490 /* NSObject+properties.m in Sources */,
				2598293F14BD740100207D16 /* ARObjectProperty.m in Sources */,
				254F5EBC14C5E71C00AC0D86 /* NSString+sqlRepresentation.m in Sources */,
				254F5EC014C5E78100AC0D86 /* NSNumber+sqlRepresentation.m in Sources */,
				2596BC5714C7209100C6B5E2 /* NSDecimalNumber+sqlRepresentation.m in Sources */,
				CAA8DE951515DA02004AB173 /* main.m in Sources */,
				CA3D18061519D5FA00FA3F3C /* ARLazyFetcher.m in Sources */,
				CAAF5D90151A1430004C4329 /* ARFactory.m in Sources */,
				CAAF5DA1151A5148004C4329 /* NSArray+objectsAccessors.m in Sources */,
				CAAF5DCA151BA3F4004C4329 /* Project.m in Sources */,
				CAAF5DCD151BA40F004C4329 /* UserProjectRelationship.m in Sources */,
				CAAF5E25151CAC58004C4329 /* ARWhereStatement.m in Sources */,
				CAF2480C151F298B00120198 /* ARError.m in Sources */,
				CAF24819151F383000120198 /* NSData+sqlRepresentation.m in Sources */,
				CA0365C1151FCB5F004167F1 /* NSString+quotedString.m in Sources */,
				CABB909D1520DA6600E8D082 /* ARRelationBelongsTo.m in Sources */,
				CABB90A31520E63200E8D082 /* ARRelationHasMany.m in Sources */,
			);
			runOnlyForDeploymentPostprocessing = 0;
		};
		CA62C303151E0AB800E54276 /* Sources */ = {
			isa = PBXSourcesBuildPhase;
			buildActionMask = 2147483647;
			files = (
				CA62C332151E0F0700E54276 /* NSArray+objectsAccessors.m in Sources */,
				CA62C333151E0F0700E54276 /* NSDecimalNumber+sqlRepresentation.m in Sources */,
				CA62C334151E0F0700E54276 /* NSNumber+sqlRepresentation.m in Sources */,
				CA62C335151E0F0700E54276 /* NSObject+properties.m in Sources */,
				CA62C336151E0F0700E54276 /* NSString+lowercaseFirst.m in Sources */,
				CA62C337151E0F0700E54276 /* NSString+sqlRepresentation.m in Sources */,
				CA62C338151E0F0700E54276 /* ARObjectProperty.m in Sources */,
				CA62C339151E0F0700E54276 /* ActiveRecord.m in Sources */,
				CA62C33A151E0F0700E54276 /* ARLazyFetcher.m in Sources */,
				CA62C33C151E0F0700E54276 /* ARWhereStatement.m in Sources */,
				CA62C33D151E0F0700E54276 /* ARDatabaseManager.m in Sources */,
				CAF2480E151F298B00120198 /* ARError.m in Sources */,
				CAF2481B151F383000120198 /* NSData+sqlRepresentation.m in Sources */,
				CA0365C3151FCB5F004167F1 /* NSString+quotedString.m in Sources */,
				CABB909F1520DA6600E8D082 /* ARRelationBelongsTo.m in Sources */,
				CABB90A51520E63200E8D082 /* ARRelationHasMany.m in Sources */,
			);
			runOnlyForDeploymentPostprocessing = 0;
		};
/* End PBXSourcesBuildPhase section */

/* Begin PBXVariantGroup section */
		25922B0314EC286000CBB58A /* InfoPlist.strings */ = {
			isa = PBXVariantGroup;
			children = (
				25922B0414EC286000CBB58A /* en */,
			);
			name = InfoPlist.strings;
			sourceTree = "<group>";
		};
		25998ECA14BC199C00CA2490 /* InfoPlist.strings */ = {
			isa = PBXVariantGroup;
			children = (
				25998ECB14BC199C00CA2490 /* en */,
			);
			name = InfoPlist.strings;
			sourceTree = "<group>";
		};
		CA62C311151E0AB800E54276 /* InfoPlist.strings */ = {
			isa = PBXVariantGroup;
			children = (
				CA62C312151E0AB800E54276 /* en */,
			);
			name = InfoPlist.strings;
			sourceTree = "<group>";
		};
/* End PBXVariantGroup section */

/* Begin XCBuildConfiguration section */
		25922B0D14EC286000CBB58A /* Debug */ = {
			isa = XCBuildConfiguration;
			buildSettings = {
				"CODE_SIGN_IDENTITY[sdk=iphoneos*]" = "iPhone Developer";
				FRAMEWORK_SEARCH_PATHS = (
					"$(inherited)",
					"\"$(SRCROOT)/../cedar-installer/cedar/build/Release-iphoneuniversal\"",
					"\"$(SRCROOT)/../cedar-installer/cedar/Externals/OCMock/Source/build/Release-iphoneuniversal\"",
					"\"/tmp/cedar-installer/cedar/Externals/OCMock/Source/build/Release-iphoneuniversal\"",
					"\"/tmp/cedar-installer/cedar/build/Release-iphoneuniversal\"",
					"\"/opt/cedar/cedar/build/Release-iphoneuniversal\"",
					/opt/cedar/cedar/Externals/OCMock/Source/build/Release,
				);
				GCC_PRECOMPILE_PREFIX_HEADER = YES;
				GCC_PREFIX_HEADER = "UnitTests/UnitTests-Prefix.pch";
				GCC_PREPROCESSOR_DEFINITIONS = (
					"UNIT_TEST=1",
					"DEBUG=1",
					"$(inherited)",
				);
				INFOPLIST_FILE = "UnitTests/UnitTests-Info.plist";
				LIBRARY_SEARCH_PATHS = (
					"$(inherited)",
					"\"$(SRCROOT)/UnitTests/Expecta\"",
				);
				OTHER_LDFLAGS = (
					"-lstdc++",
					"-ObjC",
					"-all_load",
				);
				PRODUCT_NAME = "$(TARGET_NAME)";
				WRAPPER_EXTENSION = app;
			};
			name = Debug;
		};
		25922B0E14EC286000CBB58A /* Release */ = {
			isa = XCBuildConfiguration;
			buildSettings = {
				"CODE_SIGN_IDENTITY[sdk=iphoneos*]" = "iPhone Developer";
				FRAMEWORK_SEARCH_PATHS = (
					"$(inherited)",
					"\"$(SRCROOT)/../cedar-installer/cedar/build/Release-iphoneuniversal\"",
					"\"$(SRCROOT)/../cedar-installer/cedar/Externals/OCMock/Source/build/Release-iphoneuniversal\"",
					"\"/tmp/cedar-installer/cedar/Externals/OCMock/Source/build/Release-iphoneuniversal\"",
					"\"/tmp/cedar-installer/cedar/build/Release-iphoneuniversal\"",
					"\"/opt/cedar/cedar/build/Release-iphoneuniversal\"",
					/opt/cedar/cedar/Externals/OCMock/Source/build/Release,
				);
				GCC_PRECOMPILE_PREFIX_HEADER = YES;
				GCC_PREFIX_HEADER = "UnitTests/UnitTests-Prefix.pch";
				INFOPLIST_FILE = "UnitTests/UnitTests-Info.plist";
				LIBRARY_SEARCH_PATHS = (
					"$(inherited)",
					"\"$(SRCROOT)/UnitTests/Expecta\"",
				);
				OTHER_LDFLAGS = (
					"-lstdc++",
					"-ObjC",
					"-all_load",
				);
				PRODUCT_NAME = "$(TARGET_NAME)";
				WRAPPER_EXTENSION = app;
			};
			name = Release;
		};
		25998ED314BC199C00CA2490 /* Debug */ = {
			isa = XCBuildConfiguration;
			buildSettings = {
				ALWAYS_SEARCH_USER_PATHS = NO;
				ARCHS = "$(ARCHS_STANDARD_32_BIT)";
				"CODE_SIGN_IDENTITY[sdk=iphoneos*]" = "iPhone Developer";
				COPY_PHASE_STRIP = NO;
				GCC_C_LANGUAGE_STANDARD = gnu99;
				GCC_DYNAMIC_NO_PIC = NO;
				GCC_OPTIMIZATION_LEVEL = 0;
				GCC_PREPROCESSOR_DEFINITIONS = (
					"DEBUG=1",
					"$(inherited)",
				);
				GCC_SYMBOLS_PRIVATE_EXTERN = NO;
				GCC_VERSION = com.apple.compilers.llvm.clang.1_0;
				GCC_WARN_ABOUT_MISSING_PROTOTYPES = YES;
				GCC_WARN_ABOUT_RETURN_TYPE = YES;
				GCC_WARN_UNUSED_VARIABLE = YES;
				IPHONEOS_DEPLOYMENT_TARGET = 5.0;
				SDKROOT = iphoneos;
			};
			name = Debug;
		};
		25998ED414BC199C00CA2490 /* Release */ = {
			isa = XCBuildConfiguration;
			buildSettings = {
				ALWAYS_SEARCH_USER_PATHS = NO;
				ARCHS = "$(ARCHS_STANDARD_32_BIT)";
				"CODE_SIGN_IDENTITY[sdk=iphoneos*]" = "iPhone Developer";
				COPY_PHASE_STRIP = YES;
				GCC_C_LANGUAGE_STANDARD = gnu99;
				GCC_VERSION = com.apple.compilers.llvm.clang.1_0;
				GCC_WARN_ABOUT_MISSING_PROTOTYPES = YES;
				GCC_WARN_ABOUT_RETURN_TYPE = YES;
				GCC_WARN_UNUSED_VARIABLE = YES;
				IPHONEOS_DEPLOYMENT_TARGET = 5.0;
				OTHER_CFLAGS = "-DNS_BLOCK_ASSERTIONS=1";
				SDKROOT = iphoneos;
				VALIDATE_PRODUCT = YES;
			};
			name = Release;
		};
		25998ED614BC199C00CA2490 /* Debug */ = {
			isa = XCBuildConfiguration;
			buildSettings = {
				GCC_PRECOMPILE_PREFIX_HEADER = YES;
				GCC_PREFIX_HEADER = "iActiveRecord/iActiveRecord-Prefix.pch";
				INFOPLIST_FILE = "iActiveRecord/iActiveRecord-Info.plist";
				PRODUCT_NAME = "$(TARGET_NAME)";
				WRAPPER_EXTENSION = app;
			};
			name = Debug;
		};
		25998ED714BC199C00CA2490 /* Release */ = {
			isa = XCBuildConfiguration;
			buildSettings = {
				GCC_PRECOMPILE_PREFIX_HEADER = YES;
				GCC_PREFIX_HEADER = "iActiveRecord/iActiveRecord-Prefix.pch";
				INFOPLIST_FILE = "iActiveRecord/iActiveRecord-Info.plist";
				PRODUCT_NAME = "$(TARGET_NAME)";
				WRAPPER_EXTENSION = app;
			};
			name = Release;
		};
		CA62C316151E0AB800E54276 /* Debug */ = {
			isa = XCBuildConfiguration;
			buildSettings = {
				ARCHS = "$(ARCHS_STANDARD_32_BIT)";
				DEAD_CODE_STRIPPING = NO;
				FRAMEWORK_SEARCH_PATHS = (
					"$(inherited)",
					"\"$(SYSTEM_APPS_DIR)/Xcode.app/Contents/Developer/Library/Frameworks\"",
				);
				GCC_ENABLE_OBJC_EXCEPTIONS = YES;
				GCC_GENERATE_DEBUGGING_SYMBOLS = NO;
				GCC_PRECOMPILE_PREFIX_HEADER = NO;
				GCC_PREFIX_HEADER = "ARBundle/ARBundle-Prefix.pch";
				GCC_WARN_64_TO_32_BIT_CONVERSION = YES;
				GCC_WARN_UNINITIALIZED_AUTOS = YES;
				INFOPLIST_FILE = "ARBundle/ARBundle-Info.plist";
				INSTALL_PATH = "$(LOCAL_LIBRARY_DIR)/Bundles";
				LINK_WITH_STANDARD_LIBRARIES = NO;
				MACH_O_TYPE = mh_object;
				MACOSX_DEPLOYMENT_TARGET = 10.7;
				ONLY_ACTIVE_ARCH = NO;
				PRODUCT_NAME = "$(TARGET_NAME)";
				SDKROOT = iphoneos;
				VERSION_INFO_BUILDER = "Alex Denisov";
				WRAPPER_EXTENSION = framework;
			};
			name = Debug;
		};
		CA62C317151E0AB800E54276 /* Release */ = {
			isa = XCBuildConfiguration;
			buildSettings = {
				ARCHS = "$(ARCHS_STANDARD_32_BIT)";
				DEAD_CODE_STRIPPING = NO;
				DEBUG_INFORMATION_FORMAT = "dwarf-with-dsym";
				FRAMEWORK_SEARCH_PATHS = (
					"$(inherited)",
					"\"$(SYSTEM_APPS_DIR)/Xcode.app/Contents/Developer/Library/Frameworks\"",
				);
				GCC_ENABLE_OBJC_EXCEPTIONS = YES;
				GCC_GENERATE_DEBUGGING_SYMBOLS = NO;
				GCC_PRECOMPILE_PREFIX_HEADER = NO;
				GCC_PREFIX_HEADER = "ARBundle/ARBundle-Prefix.pch";
				GCC_WARN_64_TO_32_BIT_CONVERSION = YES;
				GCC_WARN_UNINITIALIZED_AUTOS = YES;
				INFOPLIST_FILE = "ARBundle/ARBundle-Info.plist";
				INSTALL_PATH = "$(LOCAL_LIBRARY_DIR)/Bundles";
				LINK_WITH_STANDARD_LIBRARIES = NO;
				MACH_O_TYPE = mh_object;
				MACOSX_DEPLOYMENT_TARGET = 10.7;
				ONLY_ACTIVE_ARCH = NO;
				PRODUCT_NAME = "$(TARGET_NAME)";
				SDKROOT = iphoneos;
				VERSION_INFO_BUILDER = "Alex Denisov";
				WRAPPER_EXTENSION = framework;
			};
			name = Release;
		};
		CA62C340151E0F7300E54276 /* Debug */ = {
			isa = XCBuildConfiguration;
			buildSettings = {
				PRODUCT_NAME = "$(TARGET_NAME)";
			};
			name = Debug;
		};
		CA62C341151E0F7300E54276 /* Release */ = {
			isa = XCBuildConfiguration;
			buildSettings = {
				PRODUCT_NAME = "$(TARGET_NAME)";
			};
			name = Release;
		};
/* End XCBuildConfiguration section */

/* Begin XCConfigurationList section */
		25922B0C14EC286000CBB58A /* Build configuration list for PBXNativeTarget "UnitTests" */ = {
			isa = XCConfigurationList;
			buildConfigurations = (
				25922B0D14EC286000CBB58A /* Debug */,
				25922B0E14EC286000CBB58A /* Release */,
			);
			defaultConfigurationIsVisible = 0;
			defaultConfigurationName = Release;
		};
		25998EB714BC199C00CA2490 /* Build configuration list for PBXProject "iActiveRecord" */ = {
			isa = XCConfigurationList;
			buildConfigurations = (
				25998ED314BC199C00CA2490 /* Debug */,
				25998ED414BC199C00CA2490 /* Release */,
			);
			defaultConfigurationIsVisible = 0;
			defaultConfigurationName = Release;
		};
		25998ED514BC199C00CA2490 /* Build configuration list for PBXNativeTarget "iActiveRecord" */ = {
			isa = XCConfigurationList;
			buildConfigurations = (
				25998ED614BC199C00CA2490 /* Debug */,
				25998ED714BC199C00CA2490 /* Release */,
			);
			defaultConfigurationIsVisible = 0;
			defaultConfigurationName = Release;
		};
		CA62C315151E0AB800E54276 /* Build configuration list for PBXNativeTarget "ActiveRecord" */ = {
			isa = XCConfigurationList;
			buildConfigurations = (
				CA62C316151E0AB800E54276 /* Debug */,
				CA62C317151E0AB800E54276 /* Release */,
			);
			defaultConfigurationIsVisible = 0;
			defaultConfigurationName = Release;
		};
		CA62C33F151E0F7300E54276 /* Build configuration list for PBXAggregateTarget "Build_Framework" */ = {
			isa = XCConfigurationList;
			buildConfigurations = (
				CA62C340151E0F7300E54276 /* Debug */,
				CA62C341151E0F7300E54276 /* Release */,
			);
			defaultConfigurationIsVisible = 0;
			defaultConfigurationName = Release;
		};
/* End XCConfigurationList section */
	};
	rootObject = 25998EB414BC199C00CA2490 /* Project object */;
}
